// !$*UTF8*$!
{
	archiveVersion = 1;
	classes = {
	};
	objectVersion = 46;
	objects = {

/* Begin PBXAggregateTarget section */
		2765CB6C157169E700ABE59C /* Reliant iOS */ = {
			isa = PBXAggregateTarget;
			buildConfigurationList = 2765CB6D157169E700ABE59C /* Build configuration list for PBXAggregateTarget "Reliant iOS" */;
			buildPhases = (
				2765CB7015716A0F00ABE59C /* Build Static Libs */,
				2765CB7115716A8300ABE59C /* Merge Libs */,
			);
			dependencies = (
			);
			name = "Reliant iOS";
			productName = "Reliant-iOS";
		};
		27877BDA1575E53C00C7D871 /* Reliant docs */ = {
			isa = PBXAggregateTarget;
			buildConfigurationList = 27877BDB1575E53C00C7D871 /* Build configuration list for PBXAggregateTarget "Reliant docs" */;
			buildPhases = (
				27DAE12D15767B910063D620 /* Build AppleDoc DocSet */,
			);
			dependencies = (
			);
			name = "Reliant docs";
			productName = "Reliant docs";
		};
/* End PBXAggregateTarget section */

/* Begin PBXBuildFile section */
		270721C0157F4A4F00A05222 /* Cocoa.framework in Frameworks */ = {isa = PBXBuildFile; fileRef = 270721BF157F4A4F00A05222 /* Cocoa.framework */; };
		270721CA157F4A4F00A05222 /* InfoPlist.strings in Resources */ = {isa = PBXBuildFile; fileRef = 270721C8157F4A4F00A05222 /* InfoPlist.strings */; };
		270721DE157F4A8600A05222 /* AppDelegate.m in Sources */ = {isa = PBXBuildFile; fileRef = 270721DD157F4A8600A05222 /* AppDelegate.m */; };
		270721E1157F4ABB00A05222 /* MainMenu.xib in Resources */ = {isa = PBXBuildFile; fileRef = 270721DF157F4ABB00A05222 /* MainMenu.xib */; };
		270721F0157F4AE400A05222 /* Credits.rtf in Resources */ = {isa = PBXBuildFile; fileRef = 270721E9157F4AE400A05222 /* Credits.rtf */; };
		270721F1157F4AE400A05222 /* InfoPlist.strings in Resources */ = {isa = PBXBuildFile; fileRef = 270721EB157F4AE400A05222 /* InfoPlist.strings */; };
		270721F2157F4AE400A05222 /* main.m in Sources */ = {isa = PBXBuildFile; fileRef = 270721ED157F4AE400A05222 /* main.m */; };
		270721FA157F4CB800A05222 /* OCSSingletonScope.m in Sources */ = {isa = PBXBuildFile; fileRef = 274D7BB81563BFA10007C1C8 /* OCSSingletonScope.m */; settings = {COMPILER_FLAGS = "-fno-objc-arc"; }; };
		270721FB157F4CB800A05222 /* OCSConfiguratorBase.m in Sources */ = {isa = PBXBuildFile; fileRef = 2795FD8C156FDD6A00E7F6FA /* OCSConfiguratorBase.m */; settings = {COMPILER_FLAGS = "-fno-objc-arc"; }; };
		270721FC157F4CB800A05222 /* OCSConfiguratorBase+ForSubclassEyesOnly.m in Sources */ = {isa = PBXBuildFile; fileRef = 2780EDD8157033EB00CFD38C /* OCSConfiguratorBase+ForSubclassEyesOnly.m */; settings = {COMPILER_FLAGS = "-fno-objc-arc"; }; };
		270721FD157F4CB800A05222 /* OCSConfiguratorFromClass.m in Sources */ = {isa = PBXBuildFile; fileRef = 274D7BC01563BFA10007C1C8 /* OCSConfiguratorFromClass.m */; settings = {COMPILER_FLAGS = "-fno-objc-arc"; }; };
		270721FE157F4CB800A05222 /* OCSDefinition.m in Sources */ = {isa = PBXBuildFile; fileRef = 274D7BBE1563BFA10007C1C8 /* OCSDefinition.m */; settings = {COMPILER_FLAGS = "-fno-objc-arc"; }; };
		270721FF157F4CB800A05222 /* OCSApplicationContext.m in Sources */ = {isa = PBXBuildFile; fileRef = 274D7BBC1563BFA10007C1C8 /* OCSApplicationContext.m */; settings = {COMPILER_FLAGS = "-fno-objc-arc"; }; };
		274D7B911563BF2E0007C1C8 /* Foundation.framework in Frameworks */ = {isa = PBXBuildFile; fileRef = 274D7B901563BF2E0007C1C8 /* Foundation.framework */; };
		274D7B9F1563BF2E0007C1C8 /* SenTestingKit.framework in Frameworks */ = {isa = PBXBuildFile; fileRef = 274D7B9E1563BF2E0007C1C8 /* SenTestingKit.framework */; };
		274D7BA21563BF2E0007C1C8 /* Foundation.framework in Frameworks */ = {isa = PBXBuildFile; fileRef = 274D7B901563BF2E0007C1C8 /* Foundation.framework */; };
		274D7BA51563BF2E0007C1C8 /* libReliant.a in Frameworks */ = {isa = PBXBuildFile; fileRef = 274D7B8D1563BF2E0007C1C8 /* libReliant.a */; };
		274D7BAB1563BF2E0007C1C8 /* InfoPlist.strings in Resources */ = {isa = PBXBuildFile; fileRef = 274D7BA91563BF2E0007C1C8 /* InfoPlist.strings */; };
		274D7BC11563BFA10007C1C8 /* OCSSingletonScope.h in Headers */ = {isa = PBXBuildFile; fileRef = 274D7BB71563BFA10007C1C8 /* OCSSingletonScope.h */; settings = {ATTRIBUTES = (); }; };
		274D7BC21563BFA10007C1C8 /* OCSSingletonScope.m in Sources */ = {isa = PBXBuildFile; fileRef = 274D7BB81563BFA10007C1C8 /* OCSSingletonScope.m */; };
		274D7BC31563BFA10007C1C8 /* OCSScope.h in Headers */ = {isa = PBXBuildFile; fileRef = 274D7BB91563BFA10007C1C8 /* OCSScope.h */; settings = {ATTRIBUTES = (Public, ); }; };
		274D7BC41563BFA10007C1C8 /* OCSConfigurator.h in Headers */ = {isa = PBXBuildFile; fileRef = 274D7BBA1563BFA10007C1C8 /* OCSConfigurator.h */; settings = {ATTRIBUTES = (Public, ); }; };
		274D7BC51563BFA10007C1C8 /* OCSApplicationContext.h in Headers */ = {isa = PBXBuildFile; fileRef = 274D7BBB1563BFA10007C1C8 /* OCSApplicationContext.h */; settings = {ATTRIBUTES = (Public, ); }; };
		274D7BC61563BFA10007C1C8 /* OCSApplicationContext.m in Sources */ = {isa = PBXBuildFile; fileRef = 274D7BBC1563BFA10007C1C8 /* OCSApplicationContext.m */; };
		274D7BC71563BFA10007C1C8 /* OCSDefinition.h in Headers */ = {isa = PBXBuildFile; fileRef = 274D7BBD1563BFA10007C1C8 /* OCSDefinition.h */; settings = {ATTRIBUTES = (Public, ); }; };
		274D7BC81563BFA10007C1C8 /* OCSDefinition.m in Sources */ = {isa = PBXBuildFile; fileRef = 274D7BBE1563BFA10007C1C8 /* OCSDefinition.m */; };
		274D7BC91563BFA10007C1C8 /* OCSConfiguratorFromClass.h in Headers */ = {isa = PBXBuildFile; fileRef = 274D7BBF1563BFA10007C1C8 /* OCSConfiguratorFromClass.h */; settings = {ATTRIBUTES = (Public, ); }; };
		274D7BCA1563BFA10007C1C8 /* OCSConfiguratorFromClass.m in Sources */ = {isa = PBXBuildFile; fileRef = 274D7BC01563BFA10007C1C8 /* OCSConfiguratorFromClass.m */; };
		274D7BCE1563C2D10007C1C8 /* OCSApplicationContextTests.m in Sources */ = {isa = PBXBuildFile; fileRef = 274D7BCD1563C2D10007C1C8 /* OCSApplicationContextTests.m */; };
		274D7BD01563CB9A0007C1C8 /* libOCMock.a in Frameworks */ = {isa = PBXBuildFile; fileRef = 274D7BCF1563CB9A0007C1C8 /* libOCMock.a */; };
		2765CB621571554600ABE59C /* UIKit.framework in Frameworks */ = {isa = PBXBuildFile; fileRef = 2780EDDB1571052200CFD38C /* UIKit.framework */; settings = {ATTRIBUTES = (Weak, ); }; };
		2765CB631571563200ABE59C /* UIKit.framework in Frameworks */ = {isa = PBXBuildFile; fileRef = 2780EDDB1571052200CFD38C /* UIKit.framework */; settings = {ATTRIBUTES = (Required, ); }; };
		2765CB811571717200ABE59C /* OCSSingletonScopeTests.m in Sources */ = {isa = PBXBuildFile; fileRef = 2765CB801571717200ABE59C /* OCSSingletonScopeTests.m */; };
		2765CB97157184EC00ABE59C /* InfoPlist.strings in Resources */ = {isa = PBXBuildFile; fileRef = 2765CB95157184EC00ABE59C /* InfoPlist.strings */; };
		2765CBA2157184ED00ABE59C /* SenTestingKit.framework in Frameworks */ = {isa = PBXBuildFile; fileRef = 274D7B9E1563BF2E0007C1C8 /* SenTestingKit.framework */; };
		2765CBA6157184ED00ABE59C /* Reliant.framework in Frameworks */ = {isa = PBXBuildFile; fileRef = 2765CB8B157184EC00ABE59C /* Reliant.framework */; };
		2765CBAC157184ED00ABE59C /* InfoPlist.strings in Resources */ = {isa = PBXBuildFile; fileRef = 2765CBAA157184ED00ABE59C /* InfoPlist.strings */; };
		2765CBB61571854100ABE59C /* OCSSingletonScope.m in Sources */ = {isa = PBXBuildFile; fileRef = 274D7BB81563BFA10007C1C8 /* OCSSingletonScope.m */; };
		2765CBB71571854100ABE59C /* OCSConfiguratorBase.m in Sources */ = {isa = PBXBuildFile; fileRef = 2795FD8C156FDD6A00E7F6FA /* OCSConfiguratorBase.m */; };
		2765CBB81571854100ABE59C /* OCSConfiguratorBase+ForSubclassEyesOnly.m in Sources */ = {isa = PBXBuildFile; fileRef = 2780EDD8157033EB00CFD38C /* OCSConfiguratorBase+ForSubclassEyesOnly.m */; };
		2765CBB91571854100ABE59C /* OCSConfiguratorFromClass.m in Sources */ = {isa = PBXBuildFile; fileRef = 274D7BC01563BFA10007C1C8 /* OCSConfiguratorFromClass.m */; };
		2765CBBA1571854100ABE59C /* OCSDefinition.m in Sources */ = {isa = PBXBuildFile; fileRef = 274D7BBE1563BFA10007C1C8 /* OCSDefinition.m */; };
		2765CBBB1571854100ABE59C /* OCSApplicationContext.m in Sources */ = {isa = PBXBuildFile; fileRef = 274D7BBC1563BFA10007C1C8 /* OCSApplicationContext.m */; };
		2765CBBC1571861400ABE59C /* Foundation.framework in Frameworks */ = {isa = PBXBuildFile; fileRef = 274D7B901563BF2E0007C1C8 /* Foundation.framework */; };
		2765CBBD157186E400ABE59C /* OCSApplicationContextTests.m in Sources */ = {isa = PBXBuildFile; fileRef = 274D7BCD1563C2D10007C1C8 /* OCSApplicationContextTests.m */; };
		2765CBBE157186E400ABE59C /* OCSConfiguratorBaseTests.m in Sources */ = {isa = PBXBuildFile; fileRef = 2780EDD0156FE48A00CFD38C /* OCSConfiguratorBaseTests.m */; };
		2765CBBF157186E400ABE59C /* OCSConfiguratorFromClassTests.m in Sources */ = {isa = PBXBuildFile; fileRef = 27F832101564C26300ADCB76 /* OCSConfiguratorFromClassTests.m */; };
		2765CBC0157186E400ABE59C /* OCSSwizzlerTests.m in Sources */ = {isa = PBXBuildFile; fileRef = 27A9E1201565AC67004933E6 /* OCSSwizzlerTests.m */; };
		2765CBC2157186E400ABE59C /* DummyConfigurator+External.m in Sources */ = {isa = PBXBuildFile; fileRef = 2795FD84156EE3DC00E7F6FA /* DummyConfigurator+External.m */; };
		2765CBC3157186E400ABE59C /* OCSSingletonScopeTests.m in Sources */ = {isa = PBXBuildFile; fileRef = 2765CB801571717200ABE59C /* OCSSingletonScopeTests.m */; };
		2765CBC4157187CA00ABE59C /* Foundation.framework in Frameworks */ = {isa = PBXBuildFile; fileRef = 274D7B901563BF2E0007C1C8 /* Foundation.framework */; };
		2765CBC91571893C00ABE59C /* OCMock.framework in Frameworks */ = {isa = PBXBuildFile; fileRef = 2765CBC81571893C00ABE59C /* OCMock.framework */; };
		2765CBD01572A7C100ABE59C /* OCSConfigurator.h in Headers */ = {isa = PBXBuildFile; fileRef = 274D7BBA1563BFA10007C1C8 /* OCSConfigurator.h */; settings = {ATTRIBUTES = (Public, ); }; };
		2765CBD11572A7C100ABE59C /* OCSScope.h in Headers */ = {isa = PBXBuildFile; fileRef = 274D7BB91563BFA10007C1C8 /* OCSScope.h */; settings = {ATTRIBUTES = (Public, ); }; };
		2765CBD21572A7C100ABE59C /* OCSSingletonScope.h in Headers */ = {isa = PBXBuildFile; fileRef = 274D7BB71563BFA10007C1C8 /* OCSSingletonScope.h */; };
		2765CBD31572A7C100ABE59C /* OCSConfiguratorBase.h in Headers */ = {isa = PBXBuildFile; fileRef = 2795FD8B156FDD6A00E7F6FA /* OCSConfiguratorBase.h */; settings = {ATTRIBUTES = (Public, ); }; };
		2765CBD41572A7C100ABE59C /* OCSConfiguratorBase+ForSubclassEyesOnly.h in Headers */ = {isa = PBXBuildFile; fileRef = 2780EDD7157033EB00CFD38C /* OCSConfiguratorBase+ForSubclassEyesOnly.h */; settings = {ATTRIBUTES = (Public, ); }; };
		2765CBD51572A7C100ABE59C /* OCSConfiguratorFromClass.h in Headers */ = {isa = PBXBuildFile; fileRef = 274D7BBF1563BFA10007C1C8 /* OCSConfiguratorFromClass.h */; settings = {ATTRIBUTES = (Public, ); }; };
		2765CBD61572A7C100ABE59C /* OCSDefinition.h in Headers */ = {isa = PBXBuildFile; fileRef = 274D7BBD1563BFA10007C1C8 /* OCSDefinition.h */; settings = {ATTRIBUTES = (Public, ); }; };
		2765CBD71572A7C100ABE59C /* OCSApplicationContext.h in Headers */ = {isa = PBXBuildFile; fileRef = 274D7BBB1563BFA10007C1C8 /* OCSApplicationContext.h */; settings = {ATTRIBUTES = (Public, ); }; };
		2765CBD81572A7C100ABE59C /* OCSSwizzler.h in Headers */ = {isa = PBXBuildFile; fileRef = 27C112ED1565912700499664 /* OCSSwizzler.h */; };
		2765CBD91572A7C100ABE59C /* OCSConfiguratorConstants.h in Headers */ = {isa = PBXBuildFile; fileRef = 2759BA7B1569AB8000349871 /* OCSConfiguratorConstants.h */; };
		2780EDD1156FE48A00CFD38C /* OCSConfiguratorBaseTests.m in Sources */ = {isa = PBXBuildFile; fileRef = 2780EDD0156FE48A00CFD38C /* OCSConfiguratorBaseTests.m */; };
		2780EDD9157033EB00CFD38C /* OCSConfiguratorBase+ForSubclassEyesOnly.h in Headers */ = {isa = PBXBuildFile; fileRef = 2780EDD7157033EB00CFD38C /* OCSConfiguratorBase+ForSubclassEyesOnly.h */; settings = {ATTRIBUTES = (Public, ); }; };
		2780EDDA157033EB00CFD38C /* OCSConfiguratorBase+ForSubclassEyesOnly.m in Sources */ = {isa = PBXBuildFile; fileRef = 2780EDD8157033EB00CFD38C /* OCSConfiguratorBase+ForSubclassEyesOnly.m */; };
		27877B631574118D00C7D871 /* OCMock.framework in Copy OCMock Framework to Product Directory */ = {isa = PBXBuildFile; fileRef = 2765CBC81571893C00ABE59C /* OCMock.framework */; };
		2795FD81156D560E00E7F6FA /* OCSConfiguratorConstants.h in Headers */ = {isa = PBXBuildFile; fileRef = 2759BA7B1569AB8000349871 /* OCSConfiguratorConstants.h */; };
		2795FD82156D570000E7F6FA /* OCSSwizzler.h in Headers */ = {isa = PBXBuildFile; fileRef = 27C112ED1565912700499664 /* OCSSwizzler.h */; settings = {ATTRIBUTES = (); }; };
		2795FD85156EE3DC00E7F6FA /* DummyConfigurator+External.m in Sources */ = {isa = PBXBuildFile; fileRef = 2795FD84156EE3DC00E7F6FA /* DummyConfigurator+External.m */; };
		2795FD8D156FDD6B00E7F6FA /* OCSConfiguratorBase.h in Headers */ = {isa = PBXBuildFile; fileRef = 2795FD8B156FDD6A00E7F6FA /* OCSConfiguratorBase.h */; settings = {ATTRIBUTES = (Public, ); }; };
		2795FD8E156FDD6B00E7F6FA /* OCSConfiguratorBase.m in Sources */ = {isa = PBXBuildFile; fileRef = 2795FD8C156FDD6A00E7F6FA /* OCSConfiguratorBase.m */; };
		27A9E1211565AC67004933E6 /* OCSSwizzlerTests.m in Sources */ = {isa = PBXBuildFile; fileRef = 27A9E1201565AC67004933E6 /* OCSSwizzlerTests.m */; };
		27F832111564C26300ADCB76 /* OCSConfiguratorFromClassTests.m in Sources */ = {isa = PBXBuildFile; fileRef = 27F832101564C26300ADCB76 /* OCSConfiguratorFromClassTests.m */; };
/* End PBXBuildFile section */

/* Begin PBXContainerItemProxy section */
		274D7BA31563BF2E0007C1C8 /* PBXContainerItemProxy */ = {
			isa = PBXContainerItemProxy;
			containerPortal = 274D7B841563BF2E0007C1C8 /* Project object */;
			proxyType = 1;
			remoteGlobalIDString = 274D7B8C1563BF2E0007C1C8;
			remoteInfo = Reliant;
		};
		2765CBA4157184ED00ABE59C /* PBXContainerItemProxy */ = {
			isa = PBXContainerItemProxy;
			containerPortal = 274D7B841563BF2E0007C1C8 /* Project object */;
			proxyType = 1;
			remoteGlobalIDString = 2765CB8A157184EC00ABE59C;
			remoteInfo = "Reliant OSX";
		};
/* End PBXContainerItemProxy section */

/* Begin PBXCopyFilesBuildPhase section */
		27877B621574116B00C7D871 /* Copy OCMock Framework to Product Directory */ = {
			isa = PBXCopyFilesBuildPhase;
			buildActionMask = 2147483647;
			dstPath = "";
			dstSubfolderSpec = 16;
			files = (
				27877B631574118D00C7D871 /* OCMock.framework in Copy OCMock Framework to Product Directory */,
			);
			name = "Copy OCMock Framework to Product Directory";
			runOnlyForDeploymentPostprocessing = 0;
		};
/* End PBXCopyFilesBuildPhase section */

/* Begin PBXFileReference section */
		270721BD157F4A4F00A05222 /* OCSReliantAnalyser.app */ = {isa = PBXFileReference; explicitFileType = wrapper.application; includeInIndex = 0; path = OCSReliantAnalyser.app; sourceTree = BUILT_PRODUCTS_DIR; };
		270721BF157F4A4F00A05222 /* Cocoa.framework */ = {isa = PBXFileReference; lastKnownFileType = wrapper.framework; name = Cocoa.framework; path = Library/Frameworks/Cocoa.framework; sourceTree = DEVELOPER_DIR; };
		270721C2157F4A4F00A05222 /* AppKit.framework */ = {isa = PBXFileReference; lastKnownFileType = wrapper.framework; name = AppKit.framework; path = Library/Frameworks/AppKit.framework; sourceTree = SDKROOT; };
		270721C3157F4A4F00A05222 /* CoreData.framework */ = {isa = PBXFileReference; lastKnownFileType = wrapper.framework; name = CoreData.framework; path = Library/Frameworks/CoreData.framework; sourceTree = SDKROOT; };
		270721C4157F4A4F00A05222 /* Foundation.framework */ = {isa = PBXFileReference; lastKnownFileType = wrapper.framework; name = Foundation.framework; path = Library/Frameworks/Foundation.framework; sourceTree = SDKROOT; };
		270721DC157F4A8600A05222 /* AppDelegate.h */ = {isa = PBXFileReference; fileEncoding = 4; lastKnownFileType = sourcecode.c.h; path = AppDelegate.h; sourceTree = "<group>"; };
		270721DD157F4A8600A05222 /* AppDelegate.m */ = {isa = PBXFileReference; fileEncoding = 4; lastKnownFileType = sourcecode.c.objc; path = AppDelegate.m; sourceTree = "<group>"; };
		270721E0157F4ABB00A05222 /* en */ = {isa = PBXFileReference; lastKnownFileType = file.xib; name = en; path = en.lproj/MainMenu.xib; sourceTree = "<group>"; };
		270721EA157F4AE400A05222 /* en */ = {isa = PBXFileReference; lastKnownFileType = text.rtf; name = en; path = en.lproj/Credits.rtf; sourceTree = "<group>"; };
		270721EC157F4AE400A05222 /* en */ = {isa = PBXFileReference; lastKnownFileType = text.plist.strings; name = en; path = en.lproj/InfoPlist.strings; sourceTree = "<group>"; };
		270721ED157F4AE400A05222 /* main.m */ = {isa = PBXFileReference; fileEncoding = 4; lastKnownFileType = sourcecode.c.objc; path = main.m; sourceTree = "<group>"; };
		270721EE157F4AE400A05222 /* OCSReliantAnalyser-Info.plist */ = {isa = PBXFileReference; fileEncoding = 4; lastKnownFileType = text.plist.xml; path = "OCSReliantAnalyser-Info.plist"; sourceTree = "<group>"; };
		270721EF157F4AE400A05222 /* OCSReliantAnalyser-Prefix.pch */ = {isa = PBXFileReference; fileEncoding = 4; lastKnownFileType = sourcecode.c.h; path = "OCSReliantAnalyser-Prefix.pch"; sourceTree = "<group>"; };
		274D7B8D1563BF2E0007C1C8 /* libReliant.a */ = {isa = PBXFileReference; explicitFileType = archive.ar; includeInIndex = 0; path = libReliant.a; sourceTree = BUILT_PRODUCTS_DIR; };
		274D7B901563BF2E0007C1C8 /* Foundation.framework */ = {isa = PBXFileReference; lastKnownFileType = wrapper.framework; name = Foundation.framework; path = System/Library/Frameworks/Foundation.framework; sourceTree = SDKROOT; };
		274D7B941563BF2E0007C1C8 /* Reliant-Prefix.pch */ = {isa = PBXFileReference; lastKnownFileType = sourcecode.c.h; path = "Reliant-Prefix.pch"; sourceTree = "<group>"; };
		274D7B9D1563BF2E0007C1C8 /* ReliantTests.octest */ = {isa = PBXFileReference; explicitFileType = wrapper.cfbundle; includeInIndex = 0; path = ReliantTests.octest; sourceTree = BUILT_PRODUCTS_DIR; };
		274D7B9E1563BF2E0007C1C8 /* SenTestingKit.framework */ = {isa = PBXFileReference; lastKnownFileType = wrapper.framework; name = SenTestingKit.framework; path = Library/Frameworks/SenTestingKit.framework; sourceTree = DEVELOPER_DIR; };
		274D7BA81563BF2E0007C1C8 /* ReliantTests-Info.plist */ = {isa = PBXFileReference; lastKnownFileType = text.plist.xml; path = "ReliantTests-Info.plist"; sourceTree = "<group>"; };
		274D7BAA1563BF2E0007C1C8 /* en */ = {isa = PBXFileReference; lastKnownFileType = text.plist.strings; name = en; path = en.lproj/InfoPlist.strings; sourceTree = "<group>"; };
		274D7BB71563BFA10007C1C8 /* OCSSingletonScope.h */ = {isa = PBXFileReference; fileEncoding = 4; lastKnownFileType = sourcecode.c.h; path = OCSSingletonScope.h; sourceTree = "<group>"; };
		274D7BB81563BFA10007C1C8 /* OCSSingletonScope.m */ = {isa = PBXFileReference; fileEncoding = 4; lastKnownFileType = sourcecode.c.objc; path = OCSSingletonScope.m; sourceTree = "<group>"; };
		274D7BB91563BFA10007C1C8 /* OCSScope.h */ = {isa = PBXFileReference; fileEncoding = 4; lastKnownFileType = sourcecode.c.h; path = OCSScope.h; sourceTree = "<group>"; };
		274D7BBA1563BFA10007C1C8 /* OCSConfigurator.h */ = {isa = PBXFileReference; fileEncoding = 4; lastKnownFileType = sourcecode.c.h; path = OCSConfigurator.h; sourceTree = "<group>"; };
		274D7BBB1563BFA10007C1C8 /* OCSApplicationContext.h */ = {isa = PBXFileReference; fileEncoding = 4; lastKnownFileType = sourcecode.c.h; path = OCSApplicationContext.h; sourceTree = "<group>"; };
		274D7BBC1563BFA10007C1C8 /* OCSApplicationContext.m */ = {isa = PBXFileReference; fileEncoding = 4; lastKnownFileType = sourcecode.c.objc; lineEnding = 0; path = OCSApplicationContext.m; sourceTree = "<group>"; xcLanguageSpecificationIdentifier = xcode.lang.objc; };
		274D7BBD1563BFA10007C1C8 /* OCSDefinition.h */ = {isa = PBXFileReference; fileEncoding = 4; lastKnownFileType = sourcecode.c.h; path = OCSDefinition.h; sourceTree = "<group>"; };
		274D7BBE1563BFA10007C1C8 /* OCSDefinition.m */ = {isa = PBXFileReference; fileEncoding = 4; lastKnownFileType = sourcecode.c.objc; path = OCSDefinition.m; sourceTree = "<group>"; };
		274D7BBF1563BFA10007C1C8 /* OCSConfiguratorFromClass.h */ = {isa = PBXFileReference; fileEncoding = 4; lastKnownFileType = sourcecode.c.h; path = OCSConfiguratorFromClass.h; sourceTree = "<group>"; };
		274D7BC01563BFA10007C1C8 /* OCSConfiguratorFromClass.m */ = {isa = PBXFileReference; fileEncoding = 4; lastKnownFileType = sourcecode.c.objc; path = OCSConfiguratorFromClass.m; sourceTree = "<group>"; };
		274D7BCC1563C2D10007C1C8 /* OCSApplicationContextTests.h */ = {isa = PBXFileReference; fileEncoding = 4; lastKnownFileType = sourcecode.c.h; path = OCSApplicationContextTests.h; sourceTree = "<group>"; };
		274D7BCD1563C2D10007C1C8 /* OCSApplicationContextTests.m */ = {isa = PBXFileReference; fileEncoding = 4; lastKnownFileType = sourcecode.c.objc; path = OCSApplicationContextTests.m; sourceTree = "<group>"; };
		274D7BCF1563CB9A0007C1C8 /* libOCMock.a */ = {isa = PBXFileReference; lastKnownFileType = archive.ar; name = libOCMock.a; path = /Library/Developer/libs/libOCMock.a; sourceTree = "<absolute>"; };
		2759BA7B1569AB8000349871 /* OCSConfiguratorConstants.h */ = {isa = PBXFileReference; lastKnownFileType = sourcecode.c.h; path = OCSConfiguratorConstants.h; sourceTree = "<group>"; };
		2765CB7F1571717200ABE59C /* OCSSingletonScopeTests.h */ = {isa = PBXFileReference; fileEncoding = 4; lastKnownFileType = sourcecode.c.h; path = OCSSingletonScopeTests.h; sourceTree = "<group>"; };
		2765CB801571717200ABE59C /* OCSSingletonScopeTests.m */ = {isa = PBXFileReference; fileEncoding = 4; lastKnownFileType = sourcecode.c.objc; path = OCSSingletonScopeTests.m; sourceTree = "<group>"; };
		2765CB8B157184EC00ABE59C /* Reliant.framework */ = {isa = PBXFileReference; explicitFileType = wrapper.framework; includeInIndex = 0; path = Reliant.framework; sourceTree = BUILT_PRODUCTS_DIR; };
		2765CB94157184EC00ABE59C /* Reliant OSX-Info.plist */ = {isa = PBXFileReference; lastKnownFileType = text.plist.xml; path = "Reliant OSX-Info.plist"; sourceTree = "<group>"; };
		2765CB96157184EC00ABE59C /* en */ = {isa = PBXFileReference; lastKnownFileType = text.plist.strings; name = en; path = en.lproj/InfoPlist.strings; sourceTree = "<group>"; };
		2765CB98157184EC00ABE59C /* Reliant OSX-Prefix.pch */ = {isa = PBXFileReference; lastKnownFileType = sourcecode.c.h; path = "Reliant OSX-Prefix.pch"; sourceTree = "<group>"; };
		2765CBA1157184ED00ABE59C /* Reliant OSXTests.octest */ = {isa = PBXFileReference; explicitFileType = wrapper.cfbundle; includeInIndex = 0; path = "Reliant OSXTests.octest"; sourceTree = BUILT_PRODUCTS_DIR; };
		2765CBA9157184ED00ABE59C /* Reliant OSXTests-Info.plist */ = {isa = PBXFileReference; lastKnownFileType = text.plist.xml; path = "Reliant OSXTests-Info.plist"; sourceTree = "<group>"; };
		2765CBAB157184ED00ABE59C /* en */ = {isa = PBXFileReference; lastKnownFileType = text.plist.strings; name = en; path = en.lproj/InfoPlist.strings; sourceTree = "<group>"; };
		2765CBC61571889600ABE59C /* OCMock */ = {isa = PBXFileReference; lastKnownFileType = "compiled.mach-o.dylib"; name = OCMock; path = /Library/Developer/libs/OCMock.framework/Versions/A/OCMock; sourceTree = "<absolute>"; };
		2765CBC81571893C00ABE59C /* OCMock.framework */ = {isa = PBXFileReference; lastKnownFileType = wrapper.framework; name = OCMock.framework; path = /Library/Developer/libs/OCMock.framework; sourceTree = "<absolute>"; };
		2780EDCF156FE48A00CFD38C /* OCSConfiguratorBaseTests.h */ = {isa = PBXFileReference; fileEncoding = 4; lastKnownFileType = sourcecode.c.h; path = OCSConfiguratorBaseTests.h; sourceTree = "<group>"; };
		2780EDD0156FE48A00CFD38C /* OCSConfiguratorBaseTests.m */ = {isa = PBXFileReference; fileEncoding = 4; lastKnownFileType = sourcecode.c.objc; path = OCSConfiguratorBaseTests.m; sourceTree = "<group>"; };
		2780EDD7157033EB00CFD38C /* OCSConfiguratorBase+ForSubclassEyesOnly.h */ = {isa = PBXFileReference; fileEncoding = 4; lastKnownFileType = sourcecode.c.h; path = "OCSConfiguratorBase+ForSubclassEyesOnly.h"; sourceTree = "<group>"; };
		2780EDD8157033EB00CFD38C /* OCSConfiguratorBase+ForSubclassEyesOnly.m */ = {isa = PBXFileReference; fileEncoding = 4; lastKnownFileType = sourcecode.c.objc; path = "OCSConfiguratorBase+ForSubclassEyesOnly.m"; sourceTree = "<group>"; };
		2780EDDB1571052200CFD38C /* UIKit.framework */ = {isa = PBXFileReference; lastKnownFileType = wrapper.framework; name = UIKit.framework; path = System/Library/Frameworks/UIKit.framework; sourceTree = SDKROOT; };
		2795FD83156EE3DC00E7F6FA /* DummyConfigurator+External.h */ = {isa = PBXFileReference; fileEncoding = 4; lastKnownFileType = sourcecode.c.h; path = "DummyConfigurator+External.h"; sourceTree = "<group>"; };
		2795FD84156EE3DC00E7F6FA /* DummyConfigurator+External.m */ = {isa = PBXFileReference; fileEncoding = 4; lastKnownFileType = sourcecode.c.objc; path = "DummyConfigurator+External.m"; sourceTree = "<group>"; };
		2795FD8B156FDD6A00E7F6FA /* OCSConfiguratorBase.h */ = {isa = PBXFileReference; fileEncoding = 4; lastKnownFileType = sourcecode.c.h; path = OCSConfiguratorBase.h; sourceTree = "<group>"; };
		2795FD8C156FDD6A00E7F6FA /* OCSConfiguratorBase.m */ = {isa = PBXFileReference; fileEncoding = 4; lastKnownFileType = sourcecode.c.objc; path = OCSConfiguratorBase.m; sourceTree = "<group>"; };
		27A9E11F1565AC67004933E6 /* OCSSwizzlerTests.h */ = {isa = PBXFileReference; fileEncoding = 4; lastKnownFileType = sourcecode.c.h; path = OCSSwizzlerTests.h; sourceTree = "<group>"; };
		27A9E1201565AC67004933E6 /* OCSSwizzlerTests.m */ = {isa = PBXFileReference; fileEncoding = 4; lastKnownFileType = sourcecode.c.objc; path = OCSSwizzlerTests.m; sourceTree = "<group>"; };
		27C112ED1565912700499664 /* OCSSwizzler.h */ = {isa = PBXFileReference; fileEncoding = 4; lastKnownFileType = sourcecode.c.h; path = OCSSwizzler.h; sourceTree = "<group>"; };
		27F8320F1564C26300ADCB76 /* OCSConfiguratorFromClassTests.h */ = {isa = PBXFileReference; fileEncoding = 4; lastKnownFileType = sourcecode.c.h; path = OCSConfiguratorFromClassTests.h; sourceTree = "<group>"; };
		27F832101564C26300ADCB76 /* OCSConfiguratorFromClassTests.m */ = {isa = PBXFileReference; fileEncoding = 4; lastKnownFileType = sourcecode.c.objc; path = OCSConfiguratorFromClassTests.m; sourceTree = "<group>"; };
/* End PBXFileReference section */

/* Begin PBXFrameworksBuildPhase section */
		270721BA157F4A4F00A05222 /* Frameworks */ = {
			isa = PBXFrameworksBuildPhase;
			buildActionMask = 2147483647;
			files = (
				270721C0157F4A4F00A05222 /* Cocoa.framework in Frameworks */,
			);
			runOnlyForDeploymentPostprocessing = 0;
		};
		274D7B8A1563BF2E0007C1C8 /* Frameworks */ = {
			isa = PBXFrameworksBuildPhase;
			buildActionMask = 2147483647;
			files = (
				2765CB621571554600ABE59C /* UIKit.framework in Frameworks */,
				274D7B911563BF2E0007C1C8 /* Foundation.framework in Frameworks */,
			);
			runOnlyForDeploymentPostprocessing = 0;
		};
		274D7B991563BF2E0007C1C8 /* Frameworks */ = {
			isa = PBXFrameworksBuildPhase;
			buildActionMask = 2147483647;
			files = (
				274D7BD01563CB9A0007C1C8 /* libOCMock.a in Frameworks */,
				274D7B9F1563BF2E0007C1C8 /* SenTestingKit.framework in Frameworks */,
				2765CB631571563200ABE59C /* UIKit.framework in Frameworks */,
				274D7BA21563BF2E0007C1C8 /* Foundation.framework in Frameworks */,
				274D7BA51563BF2E0007C1C8 /* libReliant.a in Frameworks */,
			);
			runOnlyForDeploymentPostprocessing = 0;
		};
		2765CB87157184EC00ABE59C /* Frameworks */ = {
			isa = PBXFrameworksBuildPhase;
			buildActionMask = 2147483647;
			files = (
				2765CBBC1571861400ABE59C /* Foundation.framework in Frameworks */,
			);
			runOnlyForDeploymentPostprocessing = 0;
		};
		2765CB9D157184ED00ABE59C /* Frameworks */ = {
			isa = PBXFrameworksBuildPhase;
			buildActionMask = 2147483647;
			files = (
				2765CBC91571893C00ABE59C /* OCMock.framework in Frameworks */,
				2765CBA2157184ED00ABE59C /* SenTestingKit.framework in Frameworks */,
				2765CBA6157184ED00ABE59C /* Reliant.framework in Frameworks */,
				2765CBC4157187CA00ABE59C /* Foundation.framework in Frameworks */,
			);
			runOnlyForDeploymentPostprocessing = 0;
		};
/* End PBXFrameworksBuildPhase section */

/* Begin PBXGroup section */
		270721C1157F4A4F00A05222 /* Other Frameworks */ = {
			isa = PBXGroup;
			children = (
				270721C2157F4A4F00A05222 /* AppKit.framework */,
				270721C3157F4A4F00A05222 /* CoreData.framework */,
				270721C4157F4A4F00A05222 /* Foundation.framework */,
			);
			name = "Other Frameworks";
			sourceTree = "<group>";
		};
		270721C5157F4A4F00A05222 /* OCSReliantAnalyser */ = {
			isa = PBXGroup;
			children = (
				270721DC157F4A8600A05222 /* AppDelegate.h */,
				270721DD157F4A8600A05222 /* AppDelegate.m */,
				270721DF157F4ABB00A05222 /* MainMenu.xib */,
				270721C6157F4A4F00A05222 /* Supporting Files */,
			);
			path = OCSReliantAnalyser;
			sourceTree = "<group>";
		};
		270721C6157F4A4F00A05222 /* Supporting Files */ = {
			isa = PBXGroup;
			children = (
				270721E9157F4AE400A05222 /* Credits.rtf */,
				270721EB157F4AE400A05222 /* InfoPlist.strings */,
				270721ED157F4AE400A05222 /* main.m */,
				270721EE157F4AE400A05222 /* OCSReliantAnalyser-Info.plist */,
				270721EF157F4AE400A05222 /* OCSReliantAnalyser-Prefix.pch */,
			);
			name = "Supporting Files";
			sourceTree = "<group>";
		};
		274D7B821563BF2E0007C1C8 = {
			isa = PBXGroup;
			children = (
				274D7B921563BF2E0007C1C8 /* Reliant */,
				274D7BA61563BF2E0007C1C8 /* ReliantTests */,
				2765CB92157184EC00ABE59C /* Reliant OSX */,
				2765CBA7157184ED00ABE59C /* Reliant OSXTests */,
				270721C5157F4A4F00A05222 /* OCSReliantAnalyser */,
				274D7B8F1563BF2E0007C1C8 /* Frameworks */,
				274D7B8E1563BF2E0007C1C8 /* Products */,
			);
			sourceTree = "<group>";
		};
		274D7B8E1563BF2E0007C1C8 /* Products */ = {
			isa = PBXGroup;
			children = (
				274D7B8D1563BF2E0007C1C8 /* libReliant.a */,
				274D7B9D1563BF2E0007C1C8 /* ReliantTests.octest */,
				2765CB8B157184EC00ABE59C /* Reliant.framework */,
				2765CBA1157184ED00ABE59C /* Reliant OSXTests.octest */,
				270721BD157F4A4F00A05222 /* OCSReliantAnalyser.app */,
			);
			name = Products;
			sourceTree = "<group>";
		};
		274D7B8F1563BF2E0007C1C8 /* Frameworks */ = {
			isa = PBXGroup;
			children = (
				2765CBC81571893C00ABE59C /* OCMock.framework */,
				2765CBC61571889600ABE59C /* OCMock */,
				274D7BCF1563CB9A0007C1C8 /* libOCMock.a */,
				2780EDDB1571052200CFD38C /* UIKit.framework */,
				274D7B901563BF2E0007C1C8 /* Foundation.framework */,
				274D7B9E1563BF2E0007C1C8 /* SenTestingKit.framework */,
				270721BF157F4A4F00A05222 /* Cocoa.framework */,
				270721C1157F4A4F00A05222 /* Other Frameworks */,
			);
			name = Frameworks;
			sourceTree = "<group>";
		};
		274D7B921563BF2E0007C1C8 /* Reliant */ = {
			isa = PBXGroup;
			children = (
				2795FD7F156D556A00E7F6FA /* Protocols */,
				274D7BCB1563BFBA0007C1C8 /* Scopes */,
				2795FD8B156FDD6A00E7F6FA /* OCSConfiguratorBase.h */,
				2795FD8C156FDD6A00E7F6FA /* OCSConfiguratorBase.m */,
				2780EDD7157033EB00CFD38C /* OCSConfiguratorBase+ForSubclassEyesOnly.h */,
				2780EDD8157033EB00CFD38C /* OCSConfiguratorBase+ForSubclassEyesOnly.m */,
				274D7BBF1563BFA10007C1C8 /* OCSConfiguratorFromClass.h */,
				274D7BC01563BFA10007C1C8 /* OCSConfiguratorFromClass.m */,
				274D7BBD1563BFA10007C1C8 /* OCSDefinition.h */,
				274D7BBE1563BFA10007C1C8 /* OCSDefinition.m */,
				274D7BBB1563BFA10007C1C8 /* OCSApplicationContext.h */,
				274D7BBC1563BFA10007C1C8 /* OCSApplicationContext.m */,
				274D7B931563BF2E0007C1C8 /* Supporting Files */,
			);
			path = Reliant;
			sourceTree = "<group>";
		};
		274D7B931563BF2E0007C1C8 /* Supporting Files */ = {
			isa = PBXGroup;
			children = (
				27C112ED1565912700499664 /* OCSSwizzler.h */,
				2759BA7B1569AB8000349871 /* OCSConfiguratorConstants.h */,
				274D7B941563BF2E0007C1C8 /* Reliant-Prefix.pch */,
			);
			name = "Supporting Files";
			sourceTree = "<group>";
		};
		274D7BA61563BF2E0007C1C8 /* ReliantTests */ = {
			isa = PBXGroup;
			children = (
				274D7BCC1563C2D10007C1C8 /* OCSApplicationContextTests.h */,
				274D7BCD1563C2D10007C1C8 /* OCSApplicationContextTests.m */,
				2780EDCF156FE48A00CFD38C /* OCSConfiguratorBaseTests.h */,
				2780EDD0156FE48A00CFD38C /* OCSConfiguratorBaseTests.m */,
				27F8320F1564C26300ADCB76 /* OCSConfiguratorFromClassTests.h */,
				27F832101564C26300ADCB76 /* OCSConfiguratorFromClassTests.m */,
				27A9E11F1565AC67004933E6 /* OCSSwizzlerTests.h */,
				27A9E1201565AC67004933E6 /* OCSSwizzlerTests.m */,
				274D7BA71563BF2E0007C1C8 /* Supporting Files */,
				2795FD83156EE3DC00E7F6FA /* DummyConfigurator+External.h */,
				2795FD84156EE3DC00E7F6FA /* DummyConfigurator+External.m */,
				2765CB7F1571717200ABE59C /* OCSSingletonScopeTests.h */,
				2765CB801571717200ABE59C /* OCSSingletonScopeTests.m */,
			);
			path = ReliantTests;
			sourceTree = "<group>";
		};
		274D7BA71563BF2E0007C1C8 /* Supporting Files */ = {
			isa = PBXGroup;
			children = (
				274D7BA81563BF2E0007C1C8 /* ReliantTests-Info.plist */,
				274D7BA91563BF2E0007C1C8 /* InfoPlist.strings */,
			);
			name = "Supporting Files";
			sourceTree = "<group>";
		};
		274D7BCB1563BFBA0007C1C8 /* Scopes */ = {
			isa = PBXGroup;
			children = (
				274D7BB71563BFA10007C1C8 /* OCSSingletonScope.h */,
				274D7BB81563BFA10007C1C8 /* OCSSingletonScope.m */,
			);
			name = Scopes;
			sourceTree = "<group>";
		};
		2765CB92157184EC00ABE59C /* Reliant OSX */ = {
			isa = PBXGroup;
			children = (
				2765CB93157184EC00ABE59C /* Supporting Files */,
			);
			path = "Reliant OSX";
			sourceTree = "<group>";
		};
		2765CB93157184EC00ABE59C /* Supporting Files */ = {
			isa = PBXGroup;
			children = (
				2765CB94157184EC00ABE59C /* Reliant OSX-Info.plist */,
				2765CB95157184EC00ABE59C /* InfoPlist.strings */,
				2765CB98157184EC00ABE59C /* Reliant OSX-Prefix.pch */,
			);
			name = "Supporting Files";
			sourceTree = "<group>";
		};
		2765CBA7157184ED00ABE59C /* Reliant OSXTests */ = {
			isa = PBXGroup;
			children = (
				2765CBA8157184ED00ABE59C /* Supporting Files */,
			);
			path = "Reliant OSXTests";
			sourceTree = "<group>";
		};
		2765CBA8157184ED00ABE59C /* Supporting Files */ = {
			isa = PBXGroup;
			children = (
				2765CBA9157184ED00ABE59C /* Reliant OSXTests-Info.plist */,
				2765CBAA157184ED00ABE59C /* InfoPlist.strings */,
			);
			name = "Supporting Files";
			sourceTree = "<group>";
		};
		2795FD7F156D556A00E7F6FA /* Protocols */ = {
			isa = PBXGroup;
			children = (
				274D7BBA1563BFA10007C1C8 /* OCSConfigurator.h */,
				274D7BB91563BFA10007C1C8 /* OCSScope.h */,
			);
			name = Protocols;
			sourceTree = "<group>";
		};
/* End PBXGroup section */

/* Begin PBXHeadersBuildPhase section */
		274D7B8B1563BF2E0007C1C8 /* Headers */ = {
			isa = PBXHeadersBuildPhase;
			buildActionMask = 2147483647;
			files = (
				274D7BC31563BFA10007C1C8 /* OCSScope.h in Headers */,
				274D7BC41563BFA10007C1C8 /* OCSConfigurator.h in Headers */,
				2795FD8D156FDD6B00E7F6FA /* OCSConfiguratorBase.h in Headers */,
				2780EDD9157033EB00CFD38C /* OCSConfiguratorBase+ForSubclassEyesOnly.h in Headers */,
				274D7BC91563BFA10007C1C8 /* OCSConfiguratorFromClass.h in Headers */,
				274D7BC51563BFA10007C1C8 /* OCSApplicationContext.h in Headers */,
				274D7BC71563BFA10007C1C8 /* OCSDefinition.h in Headers */,
				2795FD81156D560E00E7F6FA /* OCSConfiguratorConstants.h in Headers */,
				274D7BC11563BFA10007C1C8 /* OCSSingletonScope.h in Headers */,
				2795FD82156D570000E7F6FA /* OCSSwizzler.h in Headers */,
			);
			runOnlyForDeploymentPostprocessing = 0;
		};
		2765CB88157184EC00ABE59C /* Headers */ = {
			isa = PBXHeadersBuildPhase;
			buildActionMask = 2147483647;
			files = (
				2765CBD71572A7C100ABE59C /* OCSApplicationContext.h in Headers */,
				2765CBD01572A7C100ABE59C /* OCSConfigurator.h in Headers */,
				2765CBD11572A7C100ABE59C /* OCSScope.h in Headers */,
				2765CBD31572A7C100ABE59C /* OCSConfiguratorBase.h in Headers */,
				2765CBD41572A7C100ABE59C /* OCSConfiguratorBase+ForSubclassEyesOnly.h in Headers */,
				2765CBD51572A7C100ABE59C /* OCSConfiguratorFromClass.h in Headers */,
				2765CBD61572A7C100ABE59C /* OCSDefinition.h in Headers */,
				2765CBD21572A7C100ABE59C /* OCSSingletonScope.h in Headers */,
				2765CBD81572A7C100ABE59C /* OCSSwizzler.h in Headers */,
				2765CBD91572A7C100ABE59C /* OCSConfiguratorConstants.h in Headers */,
			);
			runOnlyForDeploymentPostprocessing = 0;
		};
/* End PBXHeadersBuildPhase section */

/* Begin PBXNativeTarget section */
		270721BC157F4A4F00A05222 /* OCSReliantAnalyser */ = {
			isa = PBXNativeTarget;
			buildConfigurationList = 270721D7157F4A4F00A05222 /* Build configuration list for PBXNativeTarget "OCSReliantAnalyser" */;
			buildPhases = (
				270721B9157F4A4F00A05222 /* Sources */,
				270721BA157F4A4F00A05222 /* Frameworks */,
				270721BB157F4A4F00A05222 /* Resources */,
			);
			buildRules = (
			);
			dependencies = (
			);
			name = OCSReliantAnalyser;
			productName = OCSReliantAnalyser;
			productReference = 270721BD157F4A4F00A05222 /* OCSReliantAnalyser.app */;
			productType = "com.apple.product-type.application";
		};
		274D7B8C1563BF2E0007C1C8 /* Reliant */ = {
			isa = PBXNativeTarget;
			buildConfigurationList = 274D7BB11563BF2E0007C1C8 /* Build configuration list for PBXNativeTarget "Reliant" */;
			buildPhases = (
				274D7B891563BF2E0007C1C8 /* Sources */,
				274D7B8A1563BF2E0007C1C8 /* Frameworks */,
				274D7B8B1563BF2E0007C1C8 /* Headers */,
			);
			buildRules = (
			);
			dependencies = (
			);
			name = Reliant;
			productName = Reliant;
			productReference = 274D7B8D1563BF2E0007C1C8 /* libReliant.a */;
			productType = "com.apple.product-type.library.static";
		};
		274D7B9C1563BF2E0007C1C8 /* ReliantTests */ = {
			isa = PBXNativeTarget;
			buildConfigurationList = 274D7BB41563BF2E0007C1C8 /* Build configuration list for PBXNativeTarget "ReliantTests" */;
			buildPhases = (
				274D7B981563BF2E0007C1C8 /* Sources */,
				274D7B991563BF2E0007C1C8 /* Frameworks */,
				274D7B9A1563BF2E0007C1C8 /* Resources */,
				274D7B9B1563BF2E0007C1C8 /* ShellScript */,
			);
			buildRules = (
			);
			dependencies = (
				274D7BA41563BF2E0007C1C8 /* PBXTargetDependency */,
			);
			name = ReliantTests;
			productName = ReliantTests;
			productReference = 274D7B9D1563BF2E0007C1C8 /* ReliantTests.octest */;
			productType = "com.apple.product-type.bundle";
		};
		2765CB8A157184EC00ABE59C /* Reliant OSX */ = {
			isa = PBXNativeTarget;
			buildConfigurationList = 2765CBB0157184ED00ABE59C /* Build configuration list for PBXNativeTarget "Reliant OSX" */;
			buildPhases = (
				2765CB86157184EC00ABE59C /* Sources */,
				2765CB87157184EC00ABE59C /* Frameworks */,
				2765CB88157184EC00ABE59C /* Headers */,
				2765CB89157184EC00ABE59C /* Resources */,
				27877B5E1574070200C7D871 /* ShellScript */,
			);
			buildRules = (
			);
			dependencies = (
			);
			name = "Reliant OSX";
			productName = "Reliant OSX";
			productReference = 2765CB8B157184EC00ABE59C /* Reliant.framework */;
			productType = "com.apple.product-type.framework";
		};
		2765CBA0157184ED00ABE59C /* Reliant OSXTests */ = {
			isa = PBXNativeTarget;
			buildConfigurationList = 2765CBB3157184ED00ABE59C /* Build configuration list for PBXNativeTarget "Reliant OSXTests" */;
			buildPhases = (
				2765CB9C157184ED00ABE59C /* Sources */,
				2765CB9D157184ED00ABE59C /* Frameworks */,
				2765CB9E157184ED00ABE59C /* Resources */,
				27877B621574116B00C7D871 /* Copy OCMock Framework to Product Directory */,
				2765CB9F157184ED00ABE59C /* ShellScript */,
			);
			buildRules = (
			);
			dependencies = (
				2765CBA5157184ED00ABE59C /* PBXTargetDependency */,
			);
			name = "Reliant OSXTests";
			productName = "Reliant OSXTests";
			productReference = 2765CBA1157184ED00ABE59C /* Reliant OSXTests.octest */;
			productType = "com.apple.product-type.bundle";
		};
/* End PBXNativeTarget section */

/* Begin PBXProject section */
		274D7B841563BF2E0007C1C8 /* Project object */ = {
			isa = PBXProject;
			attributes = {
				LastUpgradeCheck = 0450;
			};
			buildConfigurationList = 274D7B871563BF2E0007C1C8 /* Build configuration list for PBXProject "Reliant" */;
			compatibilityVersion = "Xcode 3.2";
			developmentRegion = English;
			hasScannedForEncodings = 0;
			knownRegions = (
				en,
			);
			mainGroup = 274D7B821563BF2E0007C1C8;
			productRefGroup = 274D7B8E1563BF2E0007C1C8 /* Products */;
			projectDirPath = "";
			projectRoot = "";
			targets = (
				274D7B8C1563BF2E0007C1C8 /* Reliant */,
				274D7B9C1563BF2E0007C1C8 /* ReliantTests */,
				2765CB6C157169E700ABE59C /* Reliant iOS */,
				2765CB8A157184EC00ABE59C /* Reliant OSX */,
				2765CBA0157184ED00ABE59C /* Reliant OSXTests */,
				27877BDA1575E53C00C7D871 /* Reliant docs */,
				270721BC157F4A4F00A05222 /* OCSReliantAnalyser */,
			);
		};
/* End PBXProject section */

/* Begin PBXResourcesBuildPhase section */
		270721BB157F4A4F00A05222 /* Resources */ = {
			isa = PBXResourcesBuildPhase;
			buildActionMask = 2147483647;
			files = (
				270721CA157F4A4F00A05222 /* InfoPlist.strings in Resources */,
				270721E1157F4ABB00A05222 /* MainMenu.xib in Resources */,
				270721F0157F4AE400A05222 /* Credits.rtf in Resources */,
				270721F1157F4AE400A05222 /* InfoPlist.strings in Resources */,
			);
			runOnlyForDeploymentPostprocessing = 0;
		};
		274D7B9A1563BF2E0007C1C8 /* Resources */ = {
			isa = PBXResourcesBuildPhase;
			buildActionMask = 2147483647;
			files = (
				274D7BAB1563BF2E0007C1C8 /* InfoPlist.strings in Resources */,
			);
			runOnlyForDeploymentPostprocessing = 0;
		};
		2765CB89157184EC00ABE59C /* Resources */ = {
			isa = PBXResourcesBuildPhase;
			buildActionMask = 2147483647;
			files = (
				2765CB97157184EC00ABE59C /* InfoPlist.strings in Resources */,
			);
			runOnlyForDeploymentPostprocessing = 0;
		};
		2765CB9E157184ED00ABE59C /* Resources */ = {
			isa = PBXResourcesBuildPhase;
			buildActionMask = 2147483647;
			files = (
				2765CBAC157184ED00ABE59C /* InfoPlist.strings in Resources */,
			);
			runOnlyForDeploymentPostprocessing = 0;
		};
/* End PBXResourcesBuildPhase section */

/* Begin PBXShellScriptBuildPhase section */
		274D7B9B1563BF2E0007C1C8 /* ShellScript */ = {
			isa = PBXShellScriptBuildPhase;
			buildActionMask = 2147483647;
			files = (
			);
			inputPaths = (
			);
			outputPaths = (
			);
			runOnlyForDeploymentPostprocessing = 0;
			shellPath = /bin/sh;
			shellScript = "# Run the unit tests in this test bundle.\n\"${SYSTEM_DEVELOPER_DIR}/Tools/RunUnitTests\"\n";
		};
		2765CB7015716A0F00ABE59C /* Build Static Libs */ = {
			isa = PBXShellScriptBuildPhase;
			buildActionMask = 2147483647;
			files = (
			);
			inputPaths = (
			);
			name = "Build Static Libs";
			outputPaths = (
			);
			runOnlyForDeploymentPostprocessing = 0;
			shellPath = /bin/sh;
			shellScript = "xcodebuild -project ${PROJECT_NAME}.xcodeproj -sdk iphonesimulator -target ${PROJECT_NAME} -configuration ${CONFIGURATION} clean build CONFIGURATION_BUILD_DIR=${BUILD_DIR}/${CONFIGURATION}-iphonesimulator\n\nxcodebuild -project ${PROJECT_NAME}.xcodeproj -sdk iphoneos -target ${PROJECT_NAME} -configuration ${CONFIGURATION} clean build CONFIGURATION_BUILD_DIR=${BUILD_DIR}/${CONFIGURATION}-iphoneos";
			showEnvVarsInLog = 0;
		};
		2765CB7115716A8300ABE59C /* Merge Libs */ = {
			isa = PBXShellScriptBuildPhase;
			buildActionMask = 2147483647;
			files = (
			);
			inputPaths = (
			);
			name = "Merge Libs";
			outputPaths = (
			);
			runOnlyForDeploymentPostprocessing = 0;
			shellPath = /bin/sh;
			shellScript = "SIMULATOR_LIBRARY_PATH=\"${BUILD_DIR}/${CONFIGURATION}-iphonesimulator/lib${PROJECT_NAME}.a\" &&\nDEVICE_LIBRARY=\"${BUILD_DIR}/${CONFIGURATION}-iphoneos\" &&\nDEVICE_LIBRARY_PATH=\"${BUILD_DIR}/${CONFIGURATION}-iphoneos/lib${PROJECT_NAME}.a\" &&\nUNIVERSAL_LIBRARY_DIR=\"${BUILD_DIR}/${CONFIGURATION}-iphoneuniversal\" &&\nUNIVERSAL_LIBRARY_PATH=\"${UNIVERSAL_LIBRARY_DIR}/lib${PRODUCT_NAME}.a\" &&\n\n# Create framework directory structure.\nmkdir -p \"${UNIVERSAL_LIBRARY_DIR}\" &&\n\n# Generate universal binary for the device and simulator.\nlipo \"${SIMULATOR_LIBRARY_PATH}\" \"${DEVICE_LIBRARY_PATH}\" -create -output \"${UNIVERSAL_LIBRARY_PATH}\" &&\n\n# Move files to appropriate locations in framework paths.\ncp -R \"${DEVICE_LIBRARY}\"/usr  \"${UNIVERSAL_LIBRARY_DIR}\"";
			showEnvVarsInLog = 0;
		};
		2765CB9F157184ED00ABE59C /* ShellScript */ = {
			isa = PBXShellScriptBuildPhase;
			buildActionMask = 2147483647;
			files = (
			);
			inputPaths = (
			);
			outputPaths = (
			);
			runOnlyForDeploymentPostprocessing = 0;
			shellPath = /bin/sh;
			shellScript = "# Run the unit tests in this test bundle.\n\"${SYSTEM_DEVELOPER_DIR}/Tools/RunUnitTests\"\n";
		};
		27877B5E1574070200C7D871 /* ShellScript */ = {
			isa = PBXShellScriptBuildPhase;
			buildActionMask = 2147483647;
			files = (
			);
			inputPaths = (
			);
			outputPaths = (
			);
			runOnlyForDeploymentPostprocessing = 0;
			shellPath = /bin/sh;
			shellScript = "echo 'test';";
		};
		27DAE12D15767B910063D620 /* Build AppleDoc DocSet */ = {
			isa = PBXShellScriptBuildPhase;
			buildActionMask = 2147483647;
			files = (
			);
			inputPaths = (
			);
			name = "Build AppleDoc DocSet";
			outputPaths = (
			);
			runOnlyForDeploymentPostprocessing = 0;
			shellPath = /bin/sh;
			shellScript = "/usr/local/bin/appledoc --project-name ${PRODUCT_NAME} --project-company \"Oak Consultancy Services\" --company-id be.oakcs --output ~/help --logformat xcode --exit-threshold 2 --no-merge-categories .";
		};
/* End PBXShellScriptBuildPhase section */

/* Begin PBXSourcesBuildPhase section */
		270721B9157F4A4F00A05222 /* Sources */ = {
			isa = PBXSourcesBuildPhase;
			buildActionMask = 2147483647;
			files = (
				270721FA157F4CB800A05222 /* OCSSingletonScope.m in Sources */,
				270721FB157F4CB800A05222 /* OCSConfiguratorBase.m in Sources */,
				270721FC157F4CB800A05222 /* OCSConfiguratorBase+ForSubclassEyesOnly.m in Sources */,
				270721FD157F4CB800A05222 /* OCSConfiguratorFromClass.m in Sources */,
				270721FE157F4CB800A05222 /* OCSDefinition.m in Sources */,
				270721FF157F4CB800A05222 /* OCSApplicationContext.m in Sources */,
				270721DE157F4A8600A05222 /* AppDelegate.m in Sources */,
				270721F2157F4AE400A05222 /* main.m in Sources */,
			);
			runOnlyForDeploymentPostprocessing = 0;
		};
		274D7B891563BF2E0007C1C8 /* Sources */ = {
			isa = PBXSourcesBuildPhase;
			buildActionMask = 2147483647;
			files = (
				274D7BC21563BFA10007C1C8 /* OCSSingletonScope.m in Sources */,
				274D7BC61563BFA10007C1C8 /* OCSApplicationContext.m in Sources */,
				274D7BC81563BFA10007C1C8 /* OCSDefinition.m in Sources */,
				274D7BCA1563BFA10007C1C8 /* OCSConfiguratorFromClass.m in Sources */,
				2795FD8E156FDD6B00E7F6FA /* OCSConfiguratorBase.m in Sources */,
				2780EDDA157033EB00CFD38C /* OCSConfiguratorBase+ForSubclassEyesOnly.m in Sources */,
			);
			runOnlyForDeploymentPostprocessing = 0;
		};
		274D7B981563BF2E0007C1C8 /* Sources */ = {
			isa = PBXSourcesBuildPhase;
			buildActionMask = 2147483647;
			files = (
				274D7BCE1563C2D10007C1C8 /* OCSApplicationContextTests.m in Sources */,
				27F832111564C26300ADCB76 /* OCSConfiguratorFromClassTests.m in Sources */,
				27A9E1211565AC67004933E6 /* OCSSwizzlerTests.m in Sources */,
				2795FD85156EE3DC00E7F6FA /* DummyConfigurator+External.m in Sources */,
				2780EDD1156FE48A00CFD38C /* OCSConfiguratorBaseTests.m in Sources */,
				2765CB811571717200ABE59C /* OCSSingletonScopeTests.m in Sources */,
			);
			runOnlyForDeploymentPostprocessing = 0;
		};
		2765CB86157184EC00ABE59C /* Sources */ = {
			isa = PBXSourcesBuildPhase;
			buildActionMask = 2147483647;
			files = (
				2765CBB61571854100ABE59C /* OCSSingletonScope.m in Sources */,
				2765CBB71571854100ABE59C /* OCSConfiguratorBase.m in Sources */,
				2765CBB81571854100ABE59C /* OCSConfiguratorBase+ForSubclassEyesOnly.m in Sources */,
				2765CBB91571854100ABE59C /* OCSConfiguratorFromClass.m in Sources */,
				2765CBBA1571854100ABE59C /* OCSDefinition.m in Sources */,
				2765CBBB1571854100ABE59C /* OCSApplicationContext.m in Sources */,
			);
			runOnlyForDeploymentPostprocessing = 0;
		};
		2765CB9C157184ED00ABE59C /* Sources */ = {
			isa = PBXSourcesBuildPhase;
			buildActionMask = 2147483647;
			files = (
				2765CBBD157186E400ABE59C /* OCSApplicationContextTests.m in Sources */,
				2765CBBE157186E400ABE59C /* OCSConfiguratorBaseTests.m in Sources */,
				2765CBBF157186E400ABE59C /* OCSConfiguratorFromClassTests.m in Sources */,
				2765CBC0157186E400ABE59C /* OCSSwizzlerTests.m in Sources */,
				2765CBC2157186E400ABE59C /* DummyConfigurator+External.m in Sources */,
				2765CBC3157186E400ABE59C /* OCSSingletonScopeTests.m in Sources */,
			);
			runOnlyForDeploymentPostprocessing = 0;
		};
/* End PBXSourcesBuildPhase section */

/* Begin PBXTargetDependency section */
		274D7BA41563BF2E0007C1C8 /* PBXTargetDependency */ = {
			isa = PBXTargetDependency;
			target = 274D7B8C1563BF2E0007C1C8 /* Reliant */;
			targetProxy = 274D7BA31563BF2E0007C1C8 /* PBXContainerItemProxy */;
		};
		2765CBA5157184ED00ABE59C /* PBXTargetDependency */ = {
			isa = PBXTargetDependency;
			target = 2765CB8A157184EC00ABE59C /* Reliant OSX */;
			targetProxy = 2765CBA4157184ED00ABE59C /* PBXContainerItemProxy */;
		};
/* End PBXTargetDependency section */

/* Begin PBXVariantGroup section */
		270721C8157F4A4F00A05222 /* InfoPlist.strings */ = {
			isa = PBXVariantGroup;
			children = (
			);
			name = InfoPlist.strings;
			path = /Customers/OAKCS/Project/Reliant/Reliant/OCSReliantAnalyser;
			sourceTree = "<absolute>";
		};
		270721DF157F4ABB00A05222 /* MainMenu.xib */ = {
			isa = PBXVariantGroup;
			children = (
				270721E0157F4ABB00A05222 /* en */,
			);
			name = MainMenu.xib;
			sourceTree = "<group>";
		};
		270721E9157F4AE400A05222 /* Credits.rtf */ = {
			isa = PBXVariantGroup;
			children = (
				270721EA157F4AE400A05222 /* en */,
			);
			name = Credits.rtf;
			sourceTree = "<group>";
		};
		270721EB157F4AE400A05222 /* InfoPlist.strings */ = {
			isa = PBXVariantGroup;
			children = (
				270721EC157F4AE400A05222 /* en */,
			);
			name = InfoPlist.strings;
			sourceTree = "<group>";
		};
		274D7BA91563BF2E0007C1C8 /* InfoPlist.strings */ = {
			isa = PBXVariantGroup;
			children = (
				274D7BAA1563BF2E0007C1C8 /* en */,
			);
			name = InfoPlist.strings;
			sourceTree = "<group>";
		};
		2765CB95157184EC00ABE59C /* InfoPlist.strings */ = {
			isa = PBXVariantGroup;
			children = (
				2765CB96157184EC00ABE59C /* en */,
			);
			name = InfoPlist.strings;
			sourceTree = "<group>";
		};
		2765CBAA157184ED00ABE59C /* InfoPlist.strings */ = {
			isa = PBXVariantGroup;
			children = (
				2765CBAB157184ED00ABE59C /* en */,
			);
			name = InfoPlist.strings;
			sourceTree = "<group>";
		};
/* End PBXVariantGroup section */

/* Begin XCBuildConfiguration section */
		270721D8157F4A4F00A05222 /* Debug */ = {
			isa = XCBuildConfiguration;
			buildSettings = {
				ARCHS = "$(ARCHS_STANDARD_64_BIT)";
				COMBINE_HIDPI_IMAGES = YES;
				FRAMEWORK_SEARCH_PATHS = (
					"$(inherited)",
					"\"$(SYSTEM_APPS_DIR)/Xcode.app/Contents/Developer/Library/Frameworks\"",
				);
				GCC_ENABLE_OBJC_EXCEPTIONS = YES;
				GCC_PRECOMPILE_PREFIX_HEADER = YES;
				GCC_PREFIX_HEADER = "OCSReliantAnalyser/OCSReliantAnalyser-Prefix.pch";
				GCC_WARN_64_TO_32_BIT_CONVERSION = YES;
				INFOPLIST_FILE = "OCSReliantAnalyser/OCSReliantAnalyser-Info.plist";
				MACOSX_DEPLOYMENT_TARGET = 10.7;
				ONLY_ACTIVE_ARCH = YES;
				PRODUCT_NAME = "$(TARGET_NAME)";
				SDKROOT = macosx;
				WRAPPER_EXTENSION = app;
			};
			name = Debug;
		};
		270721D9157F4A4F00A05222 /* Release */ = {
			isa = XCBuildConfiguration;
			buildSettings = {
				ARCHS = "$(ARCHS_STANDARD_64_BIT)";
				COMBINE_HIDPI_IMAGES = YES;
				DEBUG_INFORMATION_FORMAT = "dwarf-with-dsym";
				FRAMEWORK_SEARCH_PATHS = (
					"$(inherited)",
					"\"$(SYSTEM_APPS_DIR)/Xcode.app/Contents/Developer/Library/Frameworks\"",
				);
				GCC_ENABLE_OBJC_EXCEPTIONS = YES;
				GCC_PRECOMPILE_PREFIX_HEADER = YES;
				GCC_PREFIX_HEADER = "OCSReliantAnalyser/OCSReliantAnalyser-Prefix.pch";
				GCC_WARN_64_TO_32_BIT_CONVERSION = YES;
				INFOPLIST_FILE = "OCSReliantAnalyser/OCSReliantAnalyser-Info.plist";
				MACOSX_DEPLOYMENT_TARGET = 10.7;
				PRODUCT_NAME = "$(TARGET_NAME)";
				SDKROOT = macosx;
				WRAPPER_EXTENSION = app;
			};
			name = Release;
		};
		274D7BAF1563BF2E0007C1C8 /* Debug */ = {
			isa = XCBuildConfiguration;
			buildSettings = {
				ALWAYS_SEARCH_USER_PATHS = NO;
				ARCHS = "$(ARCHS_STANDARD_32_BIT)";
				CLANG_ENABLE_OBJC_ARC = YES;
				COPY_PHASE_STRIP = NO;
				GCC_C_LANGUAGE_STANDARD = gnu99;
				GCC_DYNAMIC_NO_PIC = NO;
				GCC_OPTIMIZATION_LEVEL = 0;
				GCC_PREPROCESSOR_DEFINITIONS = (
					"DEBUG=1",
					"$(inherited)",
				);
				GCC_SYMBOLS_PRIVATE_EXTERN = NO;
				GCC_VERSION = com.apple.compilers.llvm.clang.1_0;
				GCC_WARN_ABOUT_RETURN_TYPE = YES;
				GCC_WARN_UNINITIALIZED_AUTOS = YES;
				GCC_WARN_UNUSED_VARIABLE = YES;
				IPHONEOS_DEPLOYMENT_TARGET = 5.1;
				SDKROOT = iphoneos;
			};
			name = Debug;
		};
		274D7BB01563BF2E0007C1C8 /* Release */ = {
			isa = XCBuildConfiguration;
			buildSettings = {
				ALWAYS_SEARCH_USER_PATHS = NO;
				ARCHS = "$(ARCHS_STANDARD_32_BIT)";
				CLANG_ENABLE_OBJC_ARC = YES;
				COPY_PHASE_STRIP = YES;
				GCC_C_LANGUAGE_STANDARD = gnu99;
				GCC_VERSION = com.apple.compilers.llvm.clang.1_0;
				GCC_WARN_ABOUT_RETURN_TYPE = YES;
				GCC_WARN_UNINITIALIZED_AUTOS = YES;
				GCC_WARN_UNUSED_VARIABLE = YES;
				IPHONEOS_DEPLOYMENT_TARGET = 5.1;
				SDKROOT = iphoneos;
				VALIDATE_PRODUCT = YES;
			};
			name = Release;
		};
		274D7BB21563BF2E0007C1C8 /* Debug */ = {
			isa = XCBuildConfiguration;
			buildSettings = {
				ARCHS = (
					armv6,
					armv7,
					i386,
				);
				BUNDLE_LOADER = "";
				CLANG_ENABLE_OBJC_ARC = NO;
				DSTROOT = /tmp/Reliant.dst;
				GCC_GENERATE_TEST_COVERAGE_FILES = YES;
				GCC_PRECOMPILE_PREFIX_HEADER = YES;
				GCC_PREFIX_HEADER = "Reliant/Reliant-Prefix.pch";
				GCC_THUMB_SUPPORT = NO;
				OTHER_LDFLAGS = "";
				PRODUCT_NAME = "$(TARGET_NAME)";
				SDKROOT = iphoneos;
				SKIP_INSTALL = YES;
			};
			name = Debug;
		};
		274D7BB31563BF2E0007C1C8 /* Release */ = {
			isa = XCBuildConfiguration;
			buildSettings = {
				ARCHS = (
					armv6,
					armv7,
					i386,
				);
				BUNDLE_LOADER = "";
				CLANG_ENABLE_OBJC_ARC = NO;
				DSTROOT = /tmp/Reliant.dst;
				GCC_GENERATE_TEST_COVERAGE_FILES = YES;
				GCC_PRECOMPILE_PREFIX_HEADER = YES;
				GCC_PREFIX_HEADER = "Reliant/Reliant-Prefix.pch";
				GCC_THUMB_SUPPORT = NO;
				OTHER_LDFLAGS = "";
				PRODUCT_NAME = "$(TARGET_NAME)";
				SDKROOT = iphoneos;
				SKIP_INSTALL = YES;
			};
			name = Release;
		};
		274D7BB51563BF2E0007C1C8 /* Debug */ = {
			isa = XCBuildConfiguration;
			buildSettings = {
				CLANG_ENABLE_OBJC_ARC = NO;
				FRAMEWORK_SEARCH_PATHS = (
					"$(SDKROOT)/Developer/Library/Frameworks",
					"$(DEVELOPER_LIBRARY_DIR)/Frameworks",
				);
				GCC_GENERATE_TEST_COVERAGE_FILES = YES;
				GCC_PRECOMPILE_PREFIX_HEADER = YES;
				GCC_PREFIX_HEADER = "Reliant/Reliant-Prefix.pch";
				HEADER_SEARCH_PATHS = /Library/Developer/libs;
				INFOPLIST_FILE = "ReliantTests/ReliantTests-Info.plist";
				LIBRARY_SEARCH_PATHS = /Library/Developer/libs;
				OTHER_LDFLAGS = "-all_load";
				PRODUCT_NAME = "$(TARGET_NAME)";
				TEST_AFTER_BUILD = YES;
				WRAPPER_EXTENSION = octest;
			};
			name = Debug;
		};
		274D7BB61563BF2E0007C1C8 /* Release */ = {
			isa = XCBuildConfiguration;
			buildSettings = {
				CLANG_ENABLE_OBJC_ARC = NO;
				FRAMEWORK_SEARCH_PATHS = (
					"$(SDKROOT)/Developer/Library/Frameworks",
					"$(DEVELOPER_LIBRARY_DIR)/Frameworks",
				);
				GCC_GENERATE_TEST_COVERAGE_FILES = YES;
				GCC_PRECOMPILE_PREFIX_HEADER = YES;
				GCC_PREFIX_HEADER = "Reliant/Reliant-Prefix.pch";
				HEADER_SEARCH_PATHS = /Library/Developer/libs;
				INFOPLIST_FILE = "ReliantTests/ReliantTests-Info.plist";
				LIBRARY_SEARCH_PATHS = /Library/Developer/libs;
				OTHER_LDFLAGS = "-all_load";
				PRODUCT_NAME = "$(TARGET_NAME)";
				TEST_AFTER_BUILD = YES;
				WRAPPER_EXTENSION = octest;
			};
			name = Release;
		};
		2765CB6E157169E700ABE59C /* Debug */ = {
			isa = XCBuildConfiguration;
			buildSettings = {
				PRODUCT_NAME = "$(TARGET_NAME)";
			};
			name = Debug;
		};
		2765CB6F157169E700ABE59C /* Release */ = {
			isa = XCBuildConfiguration;
			buildSettings = {
				PRODUCT_NAME = "$(TARGET_NAME)";
			};
			name = Release;
		};
		2765CBB1157184ED00ABE59C /* Debug */ = {
			isa = XCBuildConfiguration;
			buildSettings = {
				ARCHS = "$(ARCHS_STANDARD_64_BIT)";
				CLANG_ENABLE_OBJC_ARC = NO;
				CLANG_WARN_OBJCPP_ARC_ABI = NO;
				COMBINE_HIDPI_IMAGES = YES;
				DYLIB_COMPATIBILITY_VERSION = 1;
				DYLIB_CURRENT_VERSION = 1;
				FRAMEWORK_SEARCH_PATHS = (
					"$(inherited)",
					"\"$(SYSTEM_APPS_DIR)/Xcode.app/Contents/Developer/Library/Frameworks\"",
				);
				FRAMEWORK_VERSION = A;
				GCC_ENABLE_OBJC_EXCEPTIONS = YES;
				GCC_GENERATE_TEST_COVERAGE_FILES = YES;
				GCC_PRECOMPILE_PREFIX_HEADER = YES;
				GCC_PREFIX_HEADER = "Reliant OSX/Reliant OSX-Prefix.pch";
				GCC_WARN_64_TO_32_BIT_CONVERSION = YES;
				INFOPLIST_FILE = "Reliant OSX/Reliant OSX-Info.plist";
				MACOSX_DEPLOYMENT_TARGET = 10.7;
				ONLY_ACTIVE_ARCH = YES;
				PRODUCT_NAME = Reliant;
				SDKROOT = macosx;
				WRAPPER_EXTENSION = framework;
			};
			name = Debug;
		};
		2765CBB2157184ED00ABE59C /* Release */ = {
			isa = XCBuildConfiguration;
			buildSettings = {
				ARCHS = "$(ARCHS_STANDARD_64_BIT)";
				CLANG_ENABLE_OBJC_ARC = NO;
				CLANG_WARN_OBJCPP_ARC_ABI = NO;
				COMBINE_HIDPI_IMAGES = YES;
				DEBUG_INFORMATION_FORMAT = "dwarf-with-dsym";
				DYLIB_COMPATIBILITY_VERSION = 1;
				DYLIB_CURRENT_VERSION = 1;
				FRAMEWORK_SEARCH_PATHS = (
					"$(inherited)",
					"\"$(SYSTEM_APPS_DIR)/Xcode.app/Contents/Developer/Library/Frameworks\"",
				);
				FRAMEWORK_VERSION = A;
				GCC_ENABLE_OBJC_EXCEPTIONS = YES;
				GCC_GENERATE_TEST_COVERAGE_FILES = YES;
				GCC_PRECOMPILE_PREFIX_HEADER = YES;
				GCC_PREFIX_HEADER = "Reliant OSX/Reliant OSX-Prefix.pch";
				GCC_WARN_64_TO_32_BIT_CONVERSION = YES;
				INFOPLIST_FILE = "Reliant OSX/Reliant OSX-Info.plist";
				MACOSX_DEPLOYMENT_TARGET = 10.7;
				PRODUCT_NAME = Reliant;
				SDKROOT = macosx;
				WRAPPER_EXTENSION = framework;
			};
			name = Release;
		};
		2765CBB4157184ED00ABE59C /* Debug */ = {
			isa = XCBuildConfiguration;
			buildSettings = {
				ARCHS = "$(ARCHS_STANDARD_64_BIT)";
				CLANG_ENABLE_OBJC_ARC = NO;
				COMBINE_HIDPI_IMAGES = YES;
				FRAMEWORK_SEARCH_PATHS = (
					"$(DEVELOPER_LIBRARY_DIR)/Frameworks",
					"\"$(LOCAL_DEVELOPER_DIR)/libs\"",
				);
				GCC_ENABLE_OBJC_EXCEPTIONS = YES;
				GCC_GENERATE_TEST_COVERAGE_FILES = YES;
				GCC_PRECOMPILE_PREFIX_HEADER = YES;
				GCC_PREFIX_HEADER = "Reliant OSX/Reliant OSX-Prefix.pch";
				GCC_WARN_64_TO_32_BIT_CONVERSION = YES;
				HEADER_SEARCH_PATHS = /Library/Developer/libs;
				INFOPLIST_FILE = "Reliant OSXTests/Reliant OSXTests-Info.plist";
				LIBRARY_SEARCH_PATHS = (
					/Library/Developer/libs,
					"\"$(LOCAL_DEVELOPER_DIR)/libs/OCMock.framework/Versions/A\"",
				);
				MACOSX_DEPLOYMENT_TARGET = 10.7;
				ONLY_ACTIVE_ARCH = YES;
				PRODUCT_NAME = "$(TARGET_NAME)";
				SDKROOT = macosx;
				TEST_AFTER_BUILD = NO;
				WRAPPER_EXTENSION = octest;
			};
			name = Debug;
		};
		2765CBB5157184ED00ABE59C /* Release */ = {
			isa = XCBuildConfiguration;
			buildSettings = {
				ARCHS = "$(ARCHS_STANDARD_64_BIT)";
				CLANG_ENABLE_OBJC_ARC = NO;
				COMBINE_HIDPI_IMAGES = YES;
				DEBUG_INFORMATION_FORMAT = "dwarf-with-dsym";
				FRAMEWORK_SEARCH_PATHS = (
					"$(DEVELOPER_LIBRARY_DIR)/Frameworks",
					"\"$(LOCAL_DEVELOPER_DIR)/libs\"",
				);
				GCC_ENABLE_OBJC_EXCEPTIONS = YES;
				GCC_GENERATE_TEST_COVERAGE_FILES = YES;
				GCC_PRECOMPILE_PREFIX_HEADER = YES;
				GCC_PREFIX_HEADER = "Reliant OSX/Reliant OSX-Prefix.pch";
				GCC_WARN_64_TO_32_BIT_CONVERSION = YES;
				HEADER_SEARCH_PATHS = /Library/Developer/libs;
				INFOPLIST_FILE = "Reliant OSXTests/Reliant OSXTests-Info.plist";
				LIBRARY_SEARCH_PATHS = (
					/Library/Developer/libs,
					"\"$(LOCAL_DEVELOPER_DIR)/libs/OCMock.framework/Versions/A\"",
				);
				MACOSX_DEPLOYMENT_TARGET = 10.7;
				PRODUCT_NAME = "$(TARGET_NAME)";
				SDKROOT = macosx;
				TEST_AFTER_BUILD = NO;
				WRAPPER_EXTENSION = octest;
			};
			name = Release;
		};
		27877BDC1575E53C00C7D871 /* Debug */ = {
			isa = XCBuildConfiguration;
			buildSettings = {
				PRODUCT_NAME = Reliant;
			};
			name = Debug;
		};
		27877BDD1575E53C00C7D871 /* Release */ = {
			isa = XCBuildConfiguration;
			buildSettings = {
				PRODUCT_NAME = Reliant;
			};
			name = Release;
		};
/* End XCBuildConfiguration section */

/* Begin XCConfigurationList section */
		270721D7157F4A4F00A05222 /* Build configuration list for PBXNativeTarget "OCSReliantAnalyser" */ = {
			isa = XCConfigurationList;
			buildConfigurations = (
				270721D8157F4A4F00A05222 /* Debug */,
				270721D9157F4A4F00A05222 /* Release */,
			);
			defaultConfigurationIsVisible = 0;
			defaultConfigurationName = Release;
		};
		274D7B871563BF2E0007C1C8 /* Build configuration list for PBXProject "Reliant" */ = {
			isa = XCConfigurationList;
			buildConfigurations = (
				274D7BAF1563BF2E0007C1C8 /* Debug */,
				274D7BB01563BF2E0007C1C8 /* Release */,
			);
			defaultConfigurationIsVisible = 0;
			defaultConfigurationName = Release;
		};
		274D7BB11563BF2E0007C1C8 /* Build configuration list for PBXNativeTarget "Reliant" */ = {
			isa = XCConfigurationList;
			buildConfigurations = (
				274D7BB21563BF2E0007C1C8 /* Debug */,
				274D7BB31563BF2E0007C1C8 /* Release */,
			);
			defaultConfigurationIsVisible = 0;
			defaultConfigurationName = Release;
		};
		274D7BB41563BF2E0007C1C8 /* Build configuration list for PBXNativeTarget "ReliantTests" */ = {
			isa = XCConfigurationList;
			buildConfigurations = (
				274D7BB51563BF2E0007C1C8 /* Debug */,
				274D7BB61563BF2E0007C1C8 /* Release */,
			);
			defaultConfigurationIsVisible = 0;
			defaultConfigurationName = Release;
		};
		2765CB6D157169E700ABE59C /* Build configuration list for PBXAggregateTarget "Reliant iOS" */ = {
			isa = XCConfigurationList;
			buildConfigurations = (
				2765CB6E157169E700ABE59C /* Debug */,
				2765CB6F157169E700ABE59C /* Release */,
			);
			defaultConfigurationIsVisible = 0;
			defaultConfigurationName = Release;
		};
		2765CBB0157184ED00ABE59C /* Build configuration list for PBXNativeTarget "Reliant OSX" */ = {
			isa = XCConfigurationList;
			buildConfigurations = (
				2765CBB1157184ED00ABE59C /* Debug */,
				2765CBB2157184ED00ABE59C /* Release */,
			);
			defaultConfigurationIsVisible = 0;
			defaultConfigurationName = Release;
		};
		2765CBB3157184ED00ABE59C /* Build configuration list for PBXNativeTarget "Reliant OSXTests" */ = {
			isa = XCConfigurationList;
			buildConfigurations = (
				2765CBB4157184ED00ABE59C /* Debug */,
				2765CBB5157184ED00ABE59C /* Release */,
			);
			defaultConfigurationIsVisible = 0;
			defaultConfigurationName = Release;
		};
		27877BDB1575E53C00C7D871 /* Build configuration list for PBXAggregateTarget "Reliant docs" */ = {
			isa = XCConfigurationList;
			buildConfigurations = (
				27877BDC1575E53C00C7D871 /* Debug */,
				27877BDD1575E53C00C7D871 /* Release */,
			);
			defaultConfigurationIsVisible = 0;
			defaultConfigurationName = Release;
		};
/* End XCConfigurationList section */
	};
	rootObject = 274D7B841563BF2E0007C1C8 /* Project object */;
}
