// !$*UTF8*$!
{
	archiveVersion = 1;
	classes = {
	};
	objectVersion = 46;
	objects = {

/* Begin PBXAggregateTarget section */
		2765CB6C157169E700ABE59C /* Reliant iOS */ = {
			isa = PBXAggregateTarget;
			buildConfigurationList = 2765CB6D157169E700ABE59C /* Build configuration list for PBXAggregateTarget "Reliant iOS" */;
			buildPhases = (
				2765CB7015716A0F00ABE59C /* Build Static Libs */,
				2765CB7115716A8300ABE59C /* Merge Libs */,
			);
			dependencies = (
			);
			name = "Reliant iOS";
			productName = "Reliant-iOS";
		};
		27877BDA1575E53C00C7D871 /* Reliant docs */ = {
			isa = PBXAggregateTarget;
			buildConfigurationList = 27877BDB1575E53C00C7D871 /* Build configuration list for PBXAggregateTarget "Reliant docs" */;
			buildPhases = (
				27DAE12D15767B910063D620 /* Build AppleDoc DocSet */,
			);
			dependencies = (
			);
			name = "Reliant docs";
			productName = "Reliant docs";
		};
/* End PBXAggregateTarget section */

/* Begin PBXBuildFile section */
		0ED3A4451A8E486BA4F4EFFE /* libPods-Reliant OSX-Reliant OSXTests.a in Frameworks */ = {isa = PBXBuildFile; fileRef = 9CE8CD4CA62A46E2B2A3CCF1 /* libPods-Reliant OSX-Reliant OSXTests.a */; };
		274D7B911563BF2E0007C1C8 /* Foundation.framework in Frameworks */ = {isa = PBXBuildFile; fileRef = 274D7B901563BF2E0007C1C8 /* Foundation.framework */; };
		274D7BA21563BF2E0007C1C8 /* Foundation.framework in Frameworks */ = {isa = PBXBuildFile; fileRef = 274D7B901563BF2E0007C1C8 /* Foundation.framework */; };
		274D7BAB1563BF2E0007C1C8 /* InfoPlist.strings in Resources */ = {isa = PBXBuildFile; fileRef = 274D7BA91563BF2E0007C1C8 /* InfoPlist.strings */; };
		274D7BC11563BFA10007C1C8 /* OCSSingletonScope.h in Headers */ = {isa = PBXBuildFile; fileRef = 274D7BB71563BFA10007C1C8 /* OCSSingletonScope.h */; settings = {ATTRIBUTES = (); }; };
		274D7BC21563BFA10007C1C8 /* OCSSingletonScope.m in Sources */ = {isa = PBXBuildFile; fileRef = 274D7BB81563BFA10007C1C8 /* OCSSingletonScope.m */; };
		274D7BC31563BFA10007C1C8 /* OCSScope.h in Headers */ = {isa = PBXBuildFile; fileRef = 274D7BB91563BFA10007C1C8 /* OCSScope.h */; settings = {ATTRIBUTES = (Public, ); }; };
		274D7BC41563BFA10007C1C8 /* OCSConfigurator.h in Headers */ = {isa = PBXBuildFile; fileRef = 274D7BBA1563BFA10007C1C8 /* OCSConfigurator.h */; settings = {ATTRIBUTES = (Public, ); }; };
		274D7BC51563BFA10007C1C8 /* OCSApplicationContext.h in Headers */ = {isa = PBXBuildFile; fileRef = 274D7BBB1563BFA10007C1C8 /* OCSApplicationContext.h */; settings = {ATTRIBUTES = (Public, ); }; };
		274D7BC61563BFA10007C1C8 /* OCSApplicationContext.m in Sources */ = {isa = PBXBuildFile; fileRef = 274D7BBC1563BFA10007C1C8 /* OCSApplicationContext.m */; };
		274D7BC71563BFA10007C1C8 /* OCSDefinition.h in Headers */ = {isa = PBXBuildFile; fileRef = 274D7BBD1563BFA10007C1C8 /* OCSDefinition.h */; settings = {ATTRIBUTES = (Public, ); }; };
		274D7BC91563BFA10007C1C8 /* OCSConfiguratorFromClass.h in Headers */ = {isa = PBXBuildFile; fileRef = 274D7BBF1563BFA10007C1C8 /* OCSConfiguratorFromClass.h */; settings = {ATTRIBUTES = (Public, ); }; };
		274D7BCA1563BFA10007C1C8 /* OCSConfiguratorFromClass.m in Sources */ = {isa = PBXBuildFile; fileRef = 274D7BC01563BFA10007C1C8 /* OCSConfiguratorFromClass.m */; };
		274D7BCE1563C2D10007C1C8 /* OCSApplicationContextTests.m in Sources */ = {isa = PBXBuildFile; fileRef = 274D7BCD1563C2D10007C1C8 /* OCSApplicationContextTests.m */; };
		2765CB621571554600ABE59C /* UIKit.framework in Frameworks */ = {isa = PBXBuildFile; fileRef = 2780EDDB1571052200CFD38C /* UIKit.framework */; settings = {ATTRIBUTES = (Weak, ); }; };
		2765CB631571563200ABE59C /* UIKit.framework in Frameworks */ = {isa = PBXBuildFile; fileRef = 2780EDDB1571052200CFD38C /* UIKit.framework */; settings = {ATTRIBUTES = (Required, ); }; };
		2765CB811571717200ABE59C /* OCSSingletonScopeTests.m in Sources */ = {isa = PBXBuildFile; fileRef = 2765CB801571717200ABE59C /* OCSSingletonScopeTests.m */; };
		2765CB97157184EC00ABE59C /* InfoPlist.strings in Resources */ = {isa = PBXBuildFile; fileRef = 2765CB95157184EC00ABE59C /* InfoPlist.strings */; };
		2765CBAC157184ED00ABE59C /* InfoPlist.strings in Resources */ = {isa = PBXBuildFile; fileRef = 2765CBAA157184ED00ABE59C /* InfoPlist.strings */; };
		2765CBB61571854100ABE59C /* OCSSingletonScope.m in Sources */ = {isa = PBXBuildFile; fileRef = 274D7BB81563BFA10007C1C8 /* OCSSingletonScope.m */; };
		2765CBB71571854100ABE59C /* OCSConfiguratorBase.m in Sources */ = {isa = PBXBuildFile; fileRef = 2795FD8C156FDD6A00E7F6FA /* OCSConfiguratorBase.m */; };
		2765CBB91571854100ABE59C /* OCSConfiguratorFromClass.m in Sources */ = {isa = PBXBuildFile; fileRef = 274D7BC01563BFA10007C1C8 /* OCSConfiguratorFromClass.m */; };
		2765CBBB1571854100ABE59C /* OCSApplicationContext.m in Sources */ = {isa = PBXBuildFile; fileRef = 274D7BBC1563BFA10007C1C8 /* OCSApplicationContext.m */; };
		2765CBBC1571861400ABE59C /* Foundation.framework in Frameworks */ = {isa = PBXBuildFile; fileRef = 274D7B901563BF2E0007C1C8 /* Foundation.framework */; };
		2765CBBD157186E400ABE59C /* OCSApplicationContextTests.m in Sources */ = {isa = PBXBuildFile; fileRef = 274D7BCD1563C2D10007C1C8 /* OCSApplicationContextTests.m */; };
		2765CBBE157186E400ABE59C /* OCSConfiguratorBaseTests.m in Sources */ = {isa = PBXBuildFile; fileRef = 2780EDD0156FE48A00CFD38C /* OCSConfiguratorBaseTests.m */; };
		2765CBBF157186E400ABE59C /* OCSConfiguratorFromClassTests.m in Sources */ = {isa = PBXBuildFile; fileRef = 27F832101564C26300ADCB76 /* OCSConfiguratorFromClassTests.m */; };
		2765CBC2157186E400ABE59C /* DummyConfigurator+External.m in Sources */ = {isa = PBXBuildFile; fileRef = 2795FD84156EE3DC00E7F6FA /* DummyConfigurator+External.m */; };
		2765CBC3157186E400ABE59C /* OCSSingletonScopeTests.m in Sources */ = {isa = PBXBuildFile; fileRef = 2765CB801571717200ABE59C /* OCSSingletonScopeTests.m */; };
		2765CBC4157187CA00ABE59C /* Foundation.framework in Frameworks */ = {isa = PBXBuildFile; fileRef = 274D7B901563BF2E0007C1C8 /* Foundation.framework */; };
		2765CBD01572A7C100ABE59C /* OCSConfigurator.h in Headers */ = {isa = PBXBuildFile; fileRef = 274D7BBA1563BFA10007C1C8 /* OCSConfigurator.h */; settings = {ATTRIBUTES = (Public, ); }; };
		2765CBD11572A7C100ABE59C /* OCSScope.h in Headers */ = {isa = PBXBuildFile; fileRef = 274D7BB91563BFA10007C1C8 /* OCSScope.h */; settings = {ATTRIBUTES = (Public, ); }; };
		2765CBD21572A7C100ABE59C /* OCSSingletonScope.h in Headers */ = {isa = PBXBuildFile; fileRef = 274D7BB71563BFA10007C1C8 /* OCSSingletonScope.h */; };
		2765CBD31572A7C100ABE59C /* OCSConfiguratorBase.h in Headers */ = {isa = PBXBuildFile; fileRef = 2795FD8B156FDD6A00E7F6FA /* OCSConfiguratorBase.h */; settings = {ATTRIBUTES = (Public, ); }; };
		2765CBD41572A7C100ABE59C /* OCSConfiguratorBase+ForSubclassEyesOnly.h in Headers */ = {isa = PBXBuildFile; fileRef = 2780EDD7157033EB00CFD38C /* OCSConfiguratorBase+ForSubclassEyesOnly.h */; settings = {ATTRIBUTES = (Public, ); }; };
		2765CBD51572A7C100ABE59C /* OCSConfiguratorFromClass.h in Headers */ = {isa = PBXBuildFile; fileRef = 274D7BBF1563BFA10007C1C8 /* OCSConfiguratorFromClass.h */; settings = {ATTRIBUTES = (Public, ); }; };
		2765CBD61572A7C100ABE59C /* OCSDefinition.h in Headers */ = {isa = PBXBuildFile; fileRef = 274D7BBD1563BFA10007C1C8 /* OCSDefinition.h */; settings = {ATTRIBUTES = (Public, ); }; };
		2765CBD71572A7C100ABE59C /* OCSApplicationContext.h in Headers */ = {isa = PBXBuildFile; fileRef = 274D7BBB1563BFA10007C1C8 /* OCSApplicationContext.h */; settings = {ATTRIBUTES = (Public, ); }; };
		2765CBD91572A7C100ABE59C /* OCSConfiguratorConstants.h in Headers */ = {isa = PBXBuildFile; fileRef = 2759BA7B1569AB8000349871 /* OCSConfiguratorConstants.h */; };
		277001CA1823C36B00FC366A /* TestObject.m in Sources */ = {isa = PBXBuildFile; fileRef = 27AB43B418207A360088A187 /* TestObject.m */; };
		2780EDD1156FE48A00CFD38C /* OCSConfiguratorBaseTests.m in Sources */ = {isa = PBXBuildFile; fileRef = 2780EDD0156FE48A00CFD38C /* OCSConfiguratorBaseTests.m */; };
		2780EDD9157033EB00CFD38C /* OCSConfiguratorBase+ForSubclassEyesOnly.h in Headers */ = {isa = PBXBuildFile; fileRef = 2780EDD7157033EB00CFD38C /* OCSConfiguratorBase+ForSubclassEyesOnly.h */; settings = {ATTRIBUTES = (Public, ); }; };
		278155DC181C6D0D00295410 /* OCSApplicationContext.m in Sources */ = {isa = PBXBuildFile; fileRef = 274D7BBC1563BFA10007C1C8 /* OCSApplicationContext.m */; };
		278155DD181C6D0F00295410 /* OCSApplicationContext.m in Sources */ = {isa = PBXBuildFile; fileRef = 274D7BBC1563BFA10007C1C8 /* OCSApplicationContext.m */; };
		278155E0181C6D1900295410 /* OCSConfiguratorFromClass.m in Sources */ = {isa = PBXBuildFile; fileRef = 274D7BC01563BFA10007C1C8 /* OCSConfiguratorFromClass.m */; };
		278155E1181C6D1A00295410 /* OCSConfiguratorFromClass.m in Sources */ = {isa = PBXBuildFile; fileRef = 274D7BC01563BFA10007C1C8 /* OCSConfiguratorFromClass.m */; };
		278155E4181C6D2300295410 /* OCSConfiguratorBase.m in Sources */ = {isa = PBXBuildFile; fileRef = 2795FD8C156FDD6A00E7F6FA /* OCSConfiguratorBase.m */; };
		278155E5181C6D2400295410 /* OCSConfiguratorBase.m in Sources */ = {isa = PBXBuildFile; fileRef = 2795FD8C156FDD6A00E7F6FA /* OCSConfiguratorBase.m */; };
		278155E6181C6D3400295410 /* OCSSingletonScope.m in Sources */ = {isa = PBXBuildFile; fileRef = 274D7BB81563BFA10007C1C8 /* OCSSingletonScope.m */; };
		278155E7181C6D3500295410 /* OCSSingletonScope.m in Sources */ = {isa = PBXBuildFile; fileRef = 274D7BB81563BFA10007C1C8 /* OCSSingletonScope.m */; };
		27861568181D0BC400B7A755 /* NSObject+OCSReliantExcludingPropertyProvider.h in Headers */ = {isa = PBXBuildFile; fileRef = 27861566181D0BC400B7A755 /* NSObject+OCSReliantExcludingPropertyProvider.h */; };
		27861569181D0BC400B7A755 /* NSObject+OCSReliantExcludingPropertyProvider.h in Headers */ = {isa = PBXBuildFile; fileRef = 27861566181D0BC400B7A755 /* NSObject+OCSReliantExcludingPropertyProvider.h */; };
		2786156A181D0BC400B7A755 /* NSObject+OCSReliantExcludingPropertyProvider.m in Sources */ = {isa = PBXBuildFile; fileRef = 27861567181D0BC400B7A755 /* NSObject+OCSReliantExcludingPropertyProvider.m */; };
		2786156B181D0BC400B7A755 /* NSObject+OCSReliantExcludingPropertyProvider.m in Sources */ = {isa = PBXBuildFile; fileRef = 27861567181D0BC400B7A755 /* NSObject+OCSReliantExcludingPropertyProvider.m */; };
		27861570181D0D4400B7A755 /* UIResponder+OCSReliantExcludingPropertyProvider.h in Headers */ = {isa = PBXBuildFile; fileRef = 2786156E181D0D4400B7A755 /* UIResponder+OCSReliantExcludingPropertyProvider.h */; };
		27861571181D0D4400B7A755 /* UIResponder+OCSReliantExcludingPropertyProvider.m in Sources */ = {isa = PBXBuildFile; fileRef = 2786156F181D0D4400B7A755 /* UIResponder+OCSReliantExcludingPropertyProvider.m */; };
		27861572181D11D700B7A755 /* NSObject+OCSReliantExcludingPropertyProvider.m in Sources */ = {isa = PBXBuildFile; fileRef = 27861567181D0BC400B7A755 /* NSObject+OCSReliantExcludingPropertyProvider.m */; };
		27861573181D11DA00B7A755 /* UIResponder+OCSReliantExcludingPropertyProvider.m in Sources */ = {isa = PBXBuildFile; fileRef = 2786156F181D0D4400B7A755 /* UIResponder+OCSReliantExcludingPropertyProvider.m */; };
		27861574181D11DE00B7A755 /* NSObject+OCSReliantExcludingPropertyProvider.m in Sources */ = {isa = PBXBuildFile; fileRef = 27861567181D0BC400B7A755 /* NSObject+OCSReliantExcludingPropertyProvider.m */; };
		27861576181DBAE700B7A755 /* OCSViewControllerInjectionTest.m in Sources */ = {isa = PBXBuildFile; fileRef = 27861575181DBAE700B7A755 /* OCSViewControllerInjectionTest.m */; };
		27861579181DC6E000B7A755 /* UIViewController+OCSReliantExcludingPropertyProvider.h in Headers */ = {isa = PBXBuildFile; fileRef = 27861577181DC6E000B7A755 /* UIViewController+OCSReliantExcludingPropertyProvider.h */; };
		2786157A181DC6E000B7A755 /* UIViewController+OCSReliantExcludingPropertyProvider.m in Sources */ = {isa = PBXBuildFile; fileRef = 27861578181DC6E000B7A755 /* UIViewController+OCSReliantExcludingPropertyProvider.m */; };
		2786157B181DC6E000B7A755 /* UIViewController+OCSReliantExcludingPropertyProvider.m in Sources */ = {isa = PBXBuildFile; fileRef = 27861578181DC6E000B7A755 /* UIViewController+OCSReliantExcludingPropertyProvider.m */; };
		27861588181F11E000B7A755 /* XCTest.framework in Frameworks */ = {isa = PBXBuildFile; fileRef = 27861587181F11E000B7A755 /* XCTest.framework */; };
		27861589181F126B00B7A755 /* XCTest.framework in Frameworks */ = {isa = PBXBuildFile; fileRef = 27861587181F11E000B7A755 /* XCTest.framework */; };
		2786158F181F954A00B7A755 /* DummyConfigurator.m in Sources */ = {isa = PBXBuildFile; fileRef = 2786158E181F954A00B7A755 /* DummyConfigurator.m */; };
		27861590181F954A00B7A755 /* DummyConfigurator.m in Sources */ = {isa = PBXBuildFile; fileRef = 2786158E181F954A00B7A755 /* DummyConfigurator.m */; };
		2795FD81156D560E00E7F6FA /* OCSConfiguratorConstants.h in Headers */ = {isa = PBXBuildFile; fileRef = 2759BA7B1569AB8000349871 /* OCSConfiguratorConstants.h */; };
		2795FD85156EE3DC00E7F6FA /* DummyConfigurator+External.m in Sources */ = {isa = PBXBuildFile; fileRef = 2795FD84156EE3DC00E7F6FA /* DummyConfigurator+External.m */; };
		2795FD8D156FDD6B00E7F6FA /* OCSConfiguratorBase.h in Headers */ = {isa = PBXBuildFile; fileRef = 2795FD8B156FDD6A00E7F6FA /* OCSConfiguratorBase.h */; settings = {ATTRIBUTES = (Public, ); }; };
		2795FD8E156FDD6B00E7F6FA /* OCSConfiguratorBase.m in Sources */ = {isa = PBXBuildFile; fileRef = 2795FD8C156FDD6A00E7F6FA /* OCSConfiguratorBase.m */; };
		27A39C6619A7B38F0017E60C /* OCSReliantExcludingPropertyProvider.h in Headers */ = {isa = PBXBuildFile; fileRef = 2786156D181D0C4300B7A755 /* OCSReliantExcludingPropertyProvider.h */; settings = {ATTRIBUTES = (Public, ); }; };
		27A39C6719A7B3900017E60C /* OCSReliantExcludingPropertyProvider.h in Headers */ = {isa = PBXBuildFile; fileRef = 2786156D181D0C4300B7A755 /* OCSReliantExcludingPropertyProvider.h */; settings = {ATTRIBUTES = (Public, ); }; };
		27AB43B518207A360088A187 /* TestObject.m in Sources */ = {isa = PBXBuildFile; fileRef = 27AB43B418207A360088A187 /* TestObject.m */; };
		27B0A9331824006C00DFEEB9 /* OCSClassRuntimeInfo.m in Sources */ = {isa = PBXBuildFile; fileRef = 3323F7B8686BAAEAD7C909B6 /* OCSClassRuntimeInfo.m */; };
		27B0A9341824006D00DFEEB9 /* OCSClassRuntimeInfo.m in Sources */ = {isa = PBXBuildFile; fileRef = 3323F7B8686BAAEAD7C909B6 /* OCSClassRuntimeInfo.m */; };
		27B0A9351824006E00DFEEB9 /* OCSClassRuntimeInfo.m in Sources */ = {isa = PBXBuildFile; fileRef = 3323F7B8686BAAEAD7C909B6 /* OCSClassRuntimeInfo.m */; };
		27B0A9361824007100DFEEB9 /* OCSPropertyRuntimeInfo.m in Sources */ = {isa = PBXBuildFile; fileRef = 3323FD13BE5276D72EC46149 /* OCSPropertyRuntimeInfo.m */; };
		27B0A9371824007200DFEEB9 /* OCSPropertyRuntimeInfo.m in Sources */ = {isa = PBXBuildFile; fileRef = 3323FD13BE5276D72EC46149 /* OCSPropertyRuntimeInfo.m */; };
		27B0A9381824007300DFEEB9 /* OCSPropertyRuntimeInfo.m in Sources */ = {isa = PBXBuildFile; fileRef = 3323FD13BE5276D72EC46149 /* OCSPropertyRuntimeInfo.m */; };
		27B2C85415F402C1001954BD /* Setup.m in Sources */ = {isa = PBXBuildFile; fileRef = 27B2C85315F402C1001954BD /* Setup.m */; };
		27B2C85515F402C1001954BD /* Setup.m in Sources */ = {isa = PBXBuildFile; fileRef = 27B2C85315F402C1001954BD /* Setup.m */; };
		27F832111564C26300ADCB76 /* OCSConfiguratorFromClassTests.m in Sources */ = {isa = PBXBuildFile; fileRef = 27F832101564C26300ADCB76 /* OCSConfiguratorFromClassTests.m */; };
		3323F0E323FA02CD0D6B6A24 /* OCSObjectFactory.h in Headers */ = {isa = PBXBuildFile; fileRef = 3323FC852B0C8D06A7E50E37 /* OCSObjectFactory.h */; settings = {ATTRIBUTES = (Public, ); }; };
		3323F17BEB7A16B44C310334 /* OCSDefinition.m in Sources */ = {isa = PBXBuildFile; fileRef = 3323F867D0EF3CBD4D0FD846 /* OCSDefinition.m */; };
		3323F2532D5EB4F985C730A9 /* OCSDefaultScopeFactory.h in Headers */ = {isa = PBXBuildFile; fileRef = 3323FBB98DDEC3DFE56FDF97 /* OCSDefaultScopeFactory.h */; };
		3323F27EC42D0D6D46C19D72 /* OCSDefaultScopeFactory.m in Sources */ = {isa = PBXBuildFile; fileRef = 3323FC30FA16200019DF7D1B /* OCSDefaultScopeFactory.m */; };
		3323F291A4293968F8D91028 /* OCSPropertyRuntimeInfo.h in Headers */ = {isa = PBXBuildFile; fileRef = 3323F43EFC2DFF1202010408 /* OCSPropertyRuntimeInfo.h */; };
		3323F311CDF8BF129535AD4A /* OCSDefaultScopeFactory.m in Sources */ = {isa = PBXBuildFile; fileRef = 3323FC30FA16200019DF7D1B /* OCSDefaultScopeFactory.m */; };
		3323F329CDC245C7313C35BF /* OCSDefinition.m in Sources */ = {isa = PBXBuildFile; fileRef = 3323F867D0EF3CBD4D0FD846 /* OCSDefinition.m */; };
		3323F3795AEF595FC6204CB6 /* DRYRuntimeMagic.m in Sources */ = {isa = PBXBuildFile; fileRef = 3323F6C9E61AC13DC893F259 /* DRYRuntimeMagic.m */; };
		3323F3E3CA8A6DB8B6577CDB /* OCSClassRuntimeInfo.m in Sources */ = {isa = PBXBuildFile; fileRef = 3323F7B8686BAAEAD7C909B6 /* OCSClassRuntimeInfo.m */; };
		3323F6BAAA4D97457C22B743 /* OCSClassRuntimeInfo.h in Headers */ = {isa = PBXBuildFile; fileRef = 3323F0CC592C23E37B566349 /* OCSClassRuntimeInfo.h */; };
		3323F76A03B1F196D5D7483E /* DRYRuntimeMagic.h in Headers */ = {isa = PBXBuildFile; fileRef = 3323FE89CADEB37E6A1421F2 /* DRYRuntimeMagic.h */; };
		3323F79E1084CF5B8696521E /* OCSDefaultScopeFactory.m in Sources */ = {isa = PBXBuildFile; fileRef = 3323FC30FA16200019DF7D1B /* OCSDefaultScopeFactory.m */; };
		3323F8FC8D2366FA7FF07F04 /* RecursiveConfigurationTest.m in Sources */ = {isa = PBXBuildFile; fileRef = 3323F19EC82B5994772324C7 /* RecursiveConfigurationTest.m */; };
		3323F9CF147C791A94B54435 /* SimpleConfigurationIntegrationTest.m in Sources */ = {isa = PBXBuildFile; fileRef = 3323F59F1F47D5E4E28E32DE /* SimpleConfigurationIntegrationTest.m */; };
		3323F9E5388F46156E0F51C6 /* DependencyTreeConfigurationIntegrationTest.m in Sources */ = {isa = PBXBuildFile; fileRef = 3323F537ACD042617135F470 /* DependencyTreeConfigurationIntegrationTest.m */; };
		3323F9ED338B4D5CEDA8D244 /* OCSDefaultScopeFactory.h in Headers */ = {isa = PBXBuildFile; fileRef = 3323FBB98DDEC3DFE56FDF97 /* OCSDefaultScopeFactory.h */; };
		3323F9F72699857C1DB97E9E /* DRYRuntimeMagic.m in Sources */ = {isa = PBXBuildFile; fileRef = 3323F6C9E61AC13DC893F259 /* DRYRuntimeMagic.m */; };
		3323FA0C8C41685456C4C08A /* OCSDefinition.m in Sources */ = {isa = PBXBuildFile; fileRef = 3323F867D0EF3CBD4D0FD846 /* OCSDefinition.m */; };
		3323FA54840E6D74EBE0C870 /* RecursiveConfigurationTest.m in Sources */ = {isa = PBXBuildFile; fileRef = 3323F19EC82B5994772324C7 /* RecursiveConfigurationTest.m */; };
		3323FA7BB1BF46D541111719 /* DRYRuntimeMagic.m in Sources */ = {isa = PBXBuildFile; fileRef = 3323F6C9E61AC13DC893F259 /* DRYRuntimeMagic.m */; };
		3323FA842AC8404BF9E08E0B /* SimpleConfigurationIntegrationTest.m in Sources */ = {isa = PBXBuildFile; fileRef = 3323F59F1F47D5E4E28E32DE /* SimpleConfigurationIntegrationTest.m */; };
		3323FAC1795934E23B3C0CF0 /* OCSDefaultScopeFactoryTest.m in Sources */ = {isa = PBXBuildFile; fileRef = 3323FDE6C29E916105B4925B /* OCSDefaultScopeFactoryTest.m */; };
		3323FC79F3EB769209572467 /* OCSDefaultScopeFactoryTest.m in Sources */ = {isa = PBXBuildFile; fileRef = 3323FDE6C29E916105B4925B /* OCSDefaultScopeFactoryTest.m */; };
		3323FCBB234922E211AAF8D3 /* OCSDefaultScopeFactory.m in Sources */ = {isa = PBXBuildFile; fileRef = 3323FC30FA16200019DF7D1B /* OCSDefaultScopeFactory.m */; };
		3323FCCEA4CE43C732E0E79A /* OCSDefinition.m in Sources */ = {isa = PBXBuildFile; fileRef = 3323F867D0EF3CBD4D0FD846 /* OCSDefinition.m */; };
		3323FD372825398AD9D2AEC8 /* DRYRuntimeMagic.h in Headers */ = {isa = PBXBuildFile; fileRef = 3323FE89CADEB37E6A1421F2 /* DRYRuntimeMagic.h */; };
		3323FE5F4CA5AFD3AC32CDA6 /* DependencyTreeConfigurationIntegrationTest.m in Sources */ = {isa = PBXBuildFile; fileRef = 3323F537ACD042617135F470 /* DependencyTreeConfigurationIntegrationTest.m */; };
		3323FE89A0052BCC664931C2 /* DRYRuntimeMagic.m in Sources */ = {isa = PBXBuildFile; fileRef = 3323F6C9E61AC13DC893F259 /* DRYRuntimeMagic.m */; };
		3323FF1AF8B2BBCC1C065CEB /* OCSObjectFactory.h in Headers */ = {isa = PBXBuildFile; fileRef = 3323FC852B0C8D06A7E50E37 /* OCSObjectFactory.h */; };
		3323FFF5DD7F89EDF51CA460 /* OCSPropertyRuntimeInfo.m in Sources */ = {isa = PBXBuildFile; fileRef = 3323FD13BE5276D72EC46149 /* OCSPropertyRuntimeInfo.m */; };
		C1A5618E21999FD8B10D5F61 /* OCSDefinitionTest.m in Sources */ = {isa = PBXBuildFile; fileRef = C1A56BD935DE6F29CAE0CC99 /* OCSDefinitionTest.m */; };
		C1A563EA8B029ED28AFA72FD /* OCSPrototypeScope.m in Sources */ = {isa = PBXBuildFile; fileRef = C1A563376AD9B2F19F4204DF /* OCSPrototypeScope.m */; };
		C1A564FE428FFBCEF6DAC579 /* OCSDefinitionTest.m in Sources */ = {isa = PBXBuildFile; fileRef = C1A56BD935DE6F29CAE0CC99 /* OCSDefinitionTest.m */; };
		C1A56618B95A5E6372ED8985 /* OCSPrototypeScopeTests.m in Sources */ = {isa = PBXBuildFile; fileRef = C1A56561066DE02A82BB243F /* OCSPrototypeScopeTests.m */; };
		C1A5678F5E7AAD7226E4B73F /* OCSPrototypeScopeTests.m in Sources */ = {isa = PBXBuildFile; fileRef = C1A56561066DE02A82BB243F /* OCSPrototypeScopeTests.m */; };
		C1A567CD866ABF2413562EAE /* OCSPrototypeScope.m in Sources */ = {isa = PBXBuildFile; fileRef = C1A563376AD9B2F19F4204DF /* OCSPrototypeScope.m */; };
		C1A5690710C534862D0A660F /* OCSPrototypeScope.m in Sources */ = {isa = PBXBuildFile; fileRef = C1A563376AD9B2F19F4204DF /* OCSPrototypeScope.m */; };
		C1A56D451A511B840CAF58CF /* OCSPrototypeScope.m in Sources */ = {isa = PBXBuildFile; fileRef = C1A563376AD9B2F19F4204DF /* OCSPrototypeScope.m */; };
		FCBA43DED9964326995423F9 /* libPods-Reliant-ReliantTests.a in Frameworks */ = {isa = PBXBuildFile; fileRef = 3CD8CF8127A34E77BDA29E2A /* libPods-Reliant-ReliantTests.a */; };
/* End PBXBuildFile section */

/* Begin PBXContainerItemProxy section */
		274D7BA31563BF2E0007C1C8 /* PBXContainerItemProxy */ = {
			isa = PBXContainerItemProxy;
			containerPortal = 274D7B841563BF2E0007C1C8 /* Project object */;
			proxyType = 1;
			remoteGlobalIDString = 274D7B8C1563BF2E0007C1C8;
			remoteInfo = Reliant;
		};
		2765CBA4157184ED00ABE59C /* PBXContainerItemProxy */ = {
			isa = PBXContainerItemProxy;
			containerPortal = 274D7B841563BF2E0007C1C8 /* Project object */;
			proxyType = 1;
			remoteGlobalIDString = 2765CB8A157184EC00ABE59C;
			remoteInfo = "Reliant OSX";
		};
/* End PBXContainerItemProxy section */

/* Begin PBXFileReference section */
		270721C2157F4A4F00A05222 /* AppKit.framework */ = {isa = PBXFileReference; lastKnownFileType = wrapper.framework; name = AppKit.framework; path = Library/Frameworks/AppKit.framework; sourceTree = SDKROOT; };
		270721C3157F4A4F00A05222 /* CoreData.framework */ = {isa = PBXFileReference; lastKnownFileType = wrapper.framework; name = CoreData.framework; path = Library/Frameworks/CoreData.framework; sourceTree = SDKROOT; };
		270721C4157F4A4F00A05222 /* Foundation.framework */ = {isa = PBXFileReference; lastKnownFileType = wrapper.framework; name = Foundation.framework; path = Library/Frameworks/Foundation.framework; sourceTree = SDKROOT; };
		271CF69518D860AF002DE484 /* Podfile */ = {isa = PBXFileReference; fileEncoding = 4; lastKnownFileType = text; path = Podfile; sourceTree = "<group>"; xcLanguageSpecificationIdentifier = xcode.lang.ruby; };
		271CF69618D860AF002DE484 /* Reliant.podspec */ = {isa = PBXFileReference; fileEncoding = 4; lastKnownFileType = text; path = Reliant.podspec; sourceTree = "<group>"; };
		274D7B8D1563BF2E0007C1C8 /* libReliant.a */ = {isa = PBXFileReference; explicitFileType = archive.ar; includeInIndex = 0; path = libReliant.a; sourceTree = BUILT_PRODUCTS_DIR; };
		274D7B901563BF2E0007C1C8 /* Foundation.framework */ = {isa = PBXFileReference; lastKnownFileType = wrapper.framework; name = Foundation.framework; path = System/Library/Frameworks/Foundation.framework; sourceTree = SDKROOT; };
		274D7B941563BF2E0007C1C8 /* Reliant-Prefix.pch */ = {isa = PBXFileReference; lastKnownFileType = sourcecode.c.h; path = "Reliant-Prefix.pch"; sourceTree = "<group>"; };
		274D7B9D1563BF2E0007C1C8 /* ReliantTests.xctest */ = {isa = PBXFileReference; explicitFileType = wrapper.cfbundle; includeInIndex = 0; path = ReliantTests.xctest; sourceTree = BUILT_PRODUCTS_DIR; };
		274D7BA81563BF2E0007C1C8 /* ReliantTests-Info.plist */ = {isa = PBXFileReference; lastKnownFileType = text.plist.xml; path = "ReliantTests-Info.plist"; sourceTree = "<group>"; };
		274D7BAA1563BF2E0007C1C8 /* en */ = {isa = PBXFileReference; lastKnownFileType = text.plist.strings; name = en; path = en.lproj/InfoPlist.strings; sourceTree = "<group>"; };
		274D7BB71563BFA10007C1C8 /* OCSSingletonScope.h */ = {isa = PBXFileReference; fileEncoding = 4; lastKnownFileType = sourcecode.c.h; path = OCSSingletonScope.h; sourceTree = "<group>"; };
		274D7BB81563BFA10007C1C8 /* OCSSingletonScope.m */ = {isa = PBXFileReference; fileEncoding = 4; lastKnownFileType = sourcecode.c.objc; path = OCSSingletonScope.m; sourceTree = "<group>"; };
		274D7BB91563BFA10007C1C8 /* OCSScope.h */ = {isa = PBXFileReference; fileEncoding = 4; lastKnownFileType = sourcecode.c.h; path = OCSScope.h; sourceTree = "<group>"; };
		274D7BBA1563BFA10007C1C8 /* OCSConfigurator.h */ = {isa = PBXFileReference; fileEncoding = 4; lastKnownFileType = sourcecode.c.h; path = OCSConfigurator.h; sourceTree = "<group>"; };
		274D7BBB1563BFA10007C1C8 /* OCSApplicationContext.h */ = {isa = PBXFileReference; fileEncoding = 4; lastKnownFileType = sourcecode.c.h; path = OCSApplicationContext.h; sourceTree = "<group>"; };
		274D7BBC1563BFA10007C1C8 /* OCSApplicationContext.m */ = {isa = PBXFileReference; fileEncoding = 4; lastKnownFileType = sourcecode.c.objc; lineEnding = 0; path = OCSApplicationContext.m; sourceTree = "<group>"; };
		274D7BBD1563BFA10007C1C8 /* OCSDefinition.h */ = {isa = PBXFileReference; fileEncoding = 4; lastKnownFileType = sourcecode.c.h; path = OCSDefinition.h; sourceTree = "<group>"; };
		274D7BBF1563BFA10007C1C8 /* OCSConfiguratorFromClass.h */ = {isa = PBXFileReference; fileEncoding = 4; lastKnownFileType = sourcecode.c.h; path = OCSConfiguratorFromClass.h; sourceTree = "<group>"; };
		274D7BC01563BFA10007C1C8 /* OCSConfiguratorFromClass.m */ = {isa = PBXFileReference; fileEncoding = 4; lastKnownFileType = sourcecode.c.objc; path = OCSConfiguratorFromClass.m; sourceTree = "<group>"; };
		274D7BCC1563C2D10007C1C8 /* OCSApplicationContextTests.h */ = {isa = PBXFileReference; fileEncoding = 4; lastKnownFileType = sourcecode.c.h; path = OCSApplicationContextTests.h; sourceTree = "<group>"; };
		274D7BCD1563C2D10007C1C8 /* OCSApplicationContextTests.m */ = {isa = PBXFileReference; fileEncoding = 4; lastKnownFileType = sourcecode.c.objc; path = OCSApplicationContextTests.m; sourceTree = "<group>"; };
		2759BA7B1569AB8000349871 /* OCSConfiguratorConstants.h */ = {isa = PBXFileReference; lastKnownFileType = sourcecode.c.h; path = OCSConfiguratorConstants.h; sourceTree = "<group>"; };
		2765CB7F1571717200ABE59C /* OCSSingletonScopeTests.h */ = {isa = PBXFileReference; fileEncoding = 4; lastKnownFileType = sourcecode.c.h; path = OCSSingletonScopeTests.h; sourceTree = "<group>"; };
		2765CB801571717200ABE59C /* OCSSingletonScopeTests.m */ = {isa = PBXFileReference; fileEncoding = 4; lastKnownFileType = sourcecode.c.objc; path = OCSSingletonScopeTests.m; sourceTree = "<group>"; };
		2765CB8B157184EC00ABE59C /* Reliant.framework */ = {isa = PBXFileReference; explicitFileType = wrapper.framework; includeInIndex = 0; path = Reliant.framework; sourceTree = BUILT_PRODUCTS_DIR; };
		2765CB94157184EC00ABE59C /* Reliant OSX-Info.plist */ = {isa = PBXFileReference; lastKnownFileType = text.plist.xml; path = "Reliant OSX-Info.plist"; sourceTree = "<group>"; };
		2765CB96157184EC00ABE59C /* en */ = {isa = PBXFileReference; lastKnownFileType = text.plist.strings; name = en; path = en.lproj/InfoPlist.strings; sourceTree = "<group>"; };
		2765CB98157184EC00ABE59C /* Reliant OSX-Prefix.pch */ = {isa = PBXFileReference; lastKnownFileType = sourcecode.c.h; path = "Reliant OSX-Prefix.pch"; sourceTree = "<group>"; };
		2765CBA1157184ED00ABE59C /* Reliant OSXTests.xctest */ = {isa = PBXFileReference; explicitFileType = wrapper.cfbundle; includeInIndex = 0; path = "Reliant OSXTests.xctest"; sourceTree = BUILT_PRODUCTS_DIR; };
		2765CBA9157184ED00ABE59C /* Reliant OSXTests-Info.plist */ = {isa = PBXFileReference; lastKnownFileType = text.plist.xml; path = "Reliant OSXTests-Info.plist"; sourceTree = "<group>"; };
		2765CBAB157184ED00ABE59C /* en */ = {isa = PBXFileReference; lastKnownFileType = text.plist.strings; name = en; path = en.lproj/InfoPlist.strings; sourceTree = "<group>"; };
		2780EDD0156FE48A00CFD38C /* OCSConfiguratorBaseTests.m */ = {isa = PBXFileReference; fileEncoding = 4; lastKnownFileType = sourcecode.c.objc; path = OCSConfiguratorBaseTests.m; sourceTree = "<group>"; };
		2780EDD7157033EB00CFD38C /* OCSConfiguratorBase+ForSubclassEyesOnly.h */ = {isa = PBXFileReference; fileEncoding = 4; lastKnownFileType = sourcecode.c.h; path = "OCSConfiguratorBase+ForSubclassEyesOnly.h"; sourceTree = "<group>"; };
		2780EDDB1571052200CFD38C /* UIKit.framework */ = {isa = PBXFileReference; lastKnownFileType = wrapper.framework; name = UIKit.framework; path = System/Library/Frameworks/UIKit.framework; sourceTree = SDKROOT; };
		27861566181D0BC400B7A755 /* NSObject+OCSReliantExcludingPropertyProvider.h */ = {isa = PBXFileReference; fileEncoding = 4; lastKnownFileType = sourcecode.c.h; path = "NSObject+OCSReliantExcludingPropertyProvider.h"; sourceTree = "<group>"; };
		27861567181D0BC400B7A755 /* NSObject+OCSReliantExcludingPropertyProvider.m */ = {isa = PBXFileReference; fileEncoding = 4; lastKnownFileType = sourcecode.c.objc; path = "NSObject+OCSReliantExcludingPropertyProvider.m"; sourceTree = "<group>"; };
		2786156D181D0C4300B7A755 /* OCSReliantExcludingPropertyProvider.h */ = {isa = PBXFileReference; lastKnownFileType = sourcecode.c.h; path = OCSReliantExcludingPropertyProvider.h; sourceTree = "<group>"; };
		2786156E181D0D4400B7A755 /* UIResponder+OCSReliantExcludingPropertyProvider.h */ = {isa = PBXFileReference; fileEncoding = 4; lastKnownFileType = sourcecode.c.h; name = "UIResponder+OCSReliantExcludingPropertyProvider.h"; path = "iOS/UIResponder+OCSReliantExcludingPropertyProvider.h"; sourceTree = "<group>"; };
		2786156F181D0D4400B7A755 /* UIResponder+OCSReliantExcludingPropertyProvider.m */ = {isa = PBXFileReference; fileEncoding = 4; lastKnownFileType = sourcecode.c.objc; name = "UIResponder+OCSReliantExcludingPropertyProvider.m"; path = "iOS/UIResponder+OCSReliantExcludingPropertyProvider.m"; sourceTree = "<group>"; };
		27861575181DBAE700B7A755 /* OCSViewControllerInjectionTest.m */ = {isa = PBXFileReference; fileEncoding = 4; lastKnownFileType = sourcecode.c.objc; path = OCSViewControllerInjectionTest.m; sourceTree = "<group>"; };
		27861577181DC6E000B7A755 /* UIViewController+OCSReliantExcludingPropertyProvider.h */ = {isa = PBXFileReference; fileEncoding = 4; lastKnownFileType = sourcecode.c.h; name = "UIViewController+OCSReliantExcludingPropertyProvider.h"; path = "iOS/UIViewController+OCSReliantExcludingPropertyProvider.h"; sourceTree = "<group>"; };
		27861578181DC6E000B7A755 /* UIViewController+OCSReliantExcludingPropertyProvider.m */ = {isa = PBXFileReference; fileEncoding = 4; lastKnownFileType = sourcecode.c.objc; name = "UIViewController+OCSReliantExcludingPropertyProvider.m"; path = "iOS/UIViewController+OCSReliantExcludingPropertyProvider.m"; sourceTree = "<group>"; };
		27861587181F11E000B7A755 /* XCTest.framework */ = {isa = PBXFileReference; lastKnownFileType = wrapper.framework; name = XCTest.framework; path = Library/Frameworks/XCTest.framework; sourceTree = DEVELOPER_DIR; };
		2786158D181F954A00B7A755 /* DummyConfigurator.h */ = {isa = PBXFileReference; fileEncoding = 4; lastKnownFileType = sourcecode.c.h; path = DummyConfigurator.h; sourceTree = "<group>"; };
		2786158E181F954A00B7A755 /* DummyConfigurator.m */ = {isa = PBXFileReference; fileEncoding = 4; lastKnownFileType = sourcecode.c.objc; path = DummyConfigurator.m; sourceTree = "<group>"; };
		2795FD83156EE3DC00E7F6FA /* DummyConfigurator+External.h */ = {isa = PBXFileReference; fileEncoding = 4; lastKnownFileType = sourcecode.c.h; path = "DummyConfigurator+External.h"; sourceTree = "<group>"; };
		2795FD84156EE3DC00E7F6FA /* DummyConfigurator+External.m */ = {isa = PBXFileReference; fileEncoding = 4; lastKnownFileType = sourcecode.c.objc; path = "DummyConfigurator+External.m"; sourceTree = "<group>"; };
		2795FD8B156FDD6A00E7F6FA /* OCSConfiguratorBase.h */ = {isa = PBXFileReference; fileEncoding = 4; lastKnownFileType = sourcecode.c.h; path = OCSConfiguratorBase.h; sourceTree = "<group>"; };
		2795FD8C156FDD6A00E7F6FA /* OCSConfiguratorBase.m */ = {isa = PBXFileReference; fileEncoding = 4; lastKnownFileType = sourcecode.c.objc; path = OCSConfiguratorBase.m; sourceTree = "<group>"; };
		27A39C6919A7C2890017E60C /* OCSScopeFactory.h */ = {isa = PBXFileReference; lastKnownFileType = sourcecode.c.h; path = OCSScopeFactory.h; sourceTree = "<group>"; };
		27AB43B318207A360088A187 /* TestObject.h */ = {isa = PBXFileReference; fileEncoding = 4; lastKnownFileType = sourcecode.c.h; path = TestObject.h; sourceTree = "<group>"; };
		27AB43B418207A360088A187 /* TestObject.m */ = {isa = PBXFileReference; fileEncoding = 4; lastKnownFileType = sourcecode.c.objc; path = TestObject.m; sourceTree = "<group>"; };
		27AB43C01823C1AA0088A187 /* OCSDLogger.h */ = {isa = PBXFileReference; lastKnownFileType = sourcecode.c.h; path = OCSDLogger.h; sourceTree = "<group>"; };
		27B2C85215F402C1001954BD /* Setup.h */ = {isa = PBXFileReference; fileEncoding = 4; lastKnownFileType = sourcecode.c.h; path = Setup.h; sourceTree = "<group>"; };
		27B2C85315F402C1001954BD /* Setup.m */ = {isa = PBXFileReference; fileEncoding = 4; lastKnownFileType = sourcecode.c.objc; path = Setup.m; sourceTree = "<group>"; };
		27F8320F1564C26300ADCB76 /* OCSConfiguratorFromClassTests.h */ = {isa = PBXFileReference; fileEncoding = 4; lastKnownFileType = sourcecode.c.h; path = OCSConfiguratorFromClassTests.h; sourceTree = "<group>"; };
		27F832101564C26300ADCB76 /* OCSConfiguratorFromClassTests.m */ = {isa = PBXFileReference; fileEncoding = 4; lastKnownFileType = sourcecode.c.objc; path = OCSConfiguratorFromClassTests.m; sourceTree = "<group>"; };
		3323F0CC592C23E37B566349 /* OCSClassRuntimeInfo.h */ = {isa = PBXFileReference; fileEncoding = 4; lastKnownFileType = sourcecode.c.h; path = OCSClassRuntimeInfo.h; sourceTree = "<group>"; };
		3323F19EC82B5994772324C7 /* RecursiveConfigurationTest.m */ = {isa = PBXFileReference; fileEncoding = 4; lastKnownFileType = sourcecode.c.objc; path = RecursiveConfigurationTest.m; sourceTree = "<group>"; };
		3323F43EFC2DFF1202010408 /* OCSPropertyRuntimeInfo.h */ = {isa = PBXFileReference; fileEncoding = 4; lastKnownFileType = sourcecode.c.h; path = OCSPropertyRuntimeInfo.h; sourceTree = "<group>"; };
		3323F537ACD042617135F470 /* DependencyTreeConfigurationIntegrationTest.m */ = {isa = PBXFileReference; fileEncoding = 4; lastKnownFileType = sourcecode.c.objc; path = DependencyTreeConfigurationIntegrationTest.m; sourceTree = "<group>"; };
		3323F59F1F47D5E4E28E32DE /* SimpleConfigurationIntegrationTest.m */ = {isa = PBXFileReference; fileEncoding = 4; lastKnownFileType = sourcecode.c.objc; path = SimpleConfigurationIntegrationTest.m; sourceTree = "<group>"; };
		3323F6C9E61AC13DC893F259 /* DRYRuntimeMagic.m */ = {isa = PBXFileReference; fileEncoding = 4; lastKnownFileType = sourcecode.c.objc; path = DRYRuntimeMagic.m; sourceTree = "<group>"; };
		3323F7B8686BAAEAD7C909B6 /* OCSClassRuntimeInfo.m */ = {isa = PBXFileReference; fileEncoding = 4; lastKnownFileType = sourcecode.c.objc; path = OCSClassRuntimeInfo.m; sourceTree = "<group>"; };
		3323F867D0EF3CBD4D0FD846 /* OCSDefinition.m */ = {isa = PBXFileReference; fileEncoding = 4; lastKnownFileType = sourcecode.c.objc; path = OCSDefinition.m; sourceTree = "<group>"; };
		3323FBB98DDEC3DFE56FDF97 /* OCSDefaultScopeFactory.h */ = {isa = PBXFileReference; fileEncoding = 4; lastKnownFileType = sourcecode.c.h; path = OCSDefaultScopeFactory.h; sourceTree = "<group>"; };
		3323FC30FA16200019DF7D1B /* OCSDefaultScopeFactory.m */ = {isa = PBXFileReference; fileEncoding = 4; lastKnownFileType = sourcecode.c.objc; path = OCSDefaultScopeFactory.m; sourceTree = "<group>"; };
		3323FC852B0C8D06A7E50E37 /* OCSObjectFactory.h */ = {isa = PBXFileReference; fileEncoding = 4; lastKnownFileType = sourcecode.c.h; path = OCSObjectFactory.h; sourceTree = "<group>"; };
		3323FD13BE5276D72EC46149 /* OCSPropertyRuntimeInfo.m */ = {isa = PBXFileReference; fileEncoding = 4; lastKnownFileType = sourcecode.c.objc; path = OCSPropertyRuntimeInfo.m; sourceTree = "<group>"; };
		3323FDE6C29E916105B4925B /* OCSDefaultScopeFactoryTest.m */ = {isa = PBXFileReference; fileEncoding = 4; lastKnownFileType = sourcecode.c.objc; path = OCSDefaultScopeFactoryTest.m; sourceTree = "<group>"; };
		3323FE89CADEB37E6A1421F2 /* DRYRuntimeMagic.h */ = {isa = PBXFileReference; fileEncoding = 4; lastKnownFileType = sourcecode.c.h; path = DRYRuntimeMagic.h; sourceTree = "<group>"; };
		3CD8CF8127A34E77BDA29E2A /* libPods-Reliant-ReliantTests.a */ = {isa = PBXFileReference; explicitFileType = archive.ar; includeInIndex = 0; path = "libPods-Reliant-ReliantTests.a"; sourceTree = BUILT_PRODUCTS_DIR; };
		67D0EC5A88CD49A8B38A832F /* Pods-Reliant-ReliantTests.xcconfig */ = {isa = PBXFileReference; includeInIndex = 1; lastKnownFileType = text.xcconfig; name = "Pods-Reliant-ReliantTests.xcconfig"; path = "Pods/Pods-Reliant-ReliantTests.xcconfig"; sourceTree = "<group>"; };
		8B5FD5ED3A2F490D98EF5A7E /* Pods-Reliant OSX-Reliant OSXTests.xcconfig */ = {isa = PBXFileReference; includeInIndex = 1; lastKnownFileType = text.xcconfig; name = "Pods-Reliant OSX-Reliant OSXTests.xcconfig"; path = "Pods/Pods-Reliant OSX-Reliant OSXTests.xcconfig"; sourceTree = "<group>"; };
		9CE8CD4CA62A46E2B2A3CCF1 /* libPods-Reliant OSX-Reliant OSXTests.a */ = {isa = PBXFileReference; explicitFileType = archive.ar; includeInIndex = 0; path = "libPods-Reliant OSX-Reliant OSXTests.a"; sourceTree = BUILT_PRODUCTS_DIR; };
		C1A563376AD9B2F19F4204DF /* OCSPrototypeScope.m */ = {isa = PBXFileReference; fileEncoding = 4; lastKnownFileType = sourcecode.c.objc; path = OCSPrototypeScope.m; sourceTree = "<group>"; };
		C1A56561066DE02A82BB243F /* OCSPrototypeScopeTests.m */ = {isa = PBXFileReference; fileEncoding = 4; lastKnownFileType = sourcecode.c.objc; path = OCSPrototypeScopeTests.m; sourceTree = "<group>"; };
		C1A5698CC773F01C35508A5A /* OCSPrototypeScope.h */ = {isa = PBXFileReference; fileEncoding = 4; lastKnownFileType = sourcecode.c.h; path = OCSPrototypeScope.h; sourceTree = "<group>"; };
		C1A56BD935DE6F29CAE0CC99 /* OCSDefinitionTest.m */ = {isa = PBXFileReference; fileEncoding = 4; lastKnownFileType = sourcecode.c.objc; path = OCSDefinitionTest.m; sourceTree = "<group>"; };
/* End PBXFileReference section */

/* Begin PBXFrameworksBuildPhase section */
		274D7B8A1563BF2E0007C1C8 /* Frameworks */ = {
			isa = PBXFrameworksBuildPhase;
			buildActionMask = 2147483647;
			files = (
				2765CB621571554600ABE59C /* UIKit.framework in Frameworks */,
				274D7B911563BF2E0007C1C8 /* Foundation.framework in Frameworks */,
			);
			runOnlyForDeploymentPostprocessing = 0;
		};
		274D7B991563BF2E0007C1C8 /* Frameworks */ = {
			isa = PBXFrameworksBuildPhase;
			buildActionMask = 2147483647;
			files = (
				27861588181F11E000B7A755 /* XCTest.framework in Frameworks */,
				2765CB631571563200ABE59C /* UIKit.framework in Frameworks */,
				274D7BA21563BF2E0007C1C8 /* Foundation.framework in Frameworks */,
				FCBA43DED9964326995423F9 /* libPods-Reliant-ReliantTests.a in Frameworks */,
			);
			runOnlyForDeploymentPostprocessing = 0;
		};
		2765CB87157184EC00ABE59C /* Frameworks */ = {
			isa = PBXFrameworksBuildPhase;
			buildActionMask = 2147483647;
			files = (
				2765CBBC1571861400ABE59C /* Foundation.framework in Frameworks */,
			);
			runOnlyForDeploymentPostprocessing = 0;
		};
		2765CB9D157184ED00ABE59C /* Frameworks */ = {
			isa = PBXFrameworksBuildPhase;
			buildActionMask = 2147483647;
			files = (
				27861589181F126B00B7A755 /* XCTest.framework in Frameworks */,
				2765CBC4157187CA00ABE59C /* Foundation.framework in Frameworks */,
				0ED3A4451A8E486BA4F4EFFE /* libPods-Reliant OSX-Reliant OSXTests.a in Frameworks */,
			);
			runOnlyForDeploymentPostprocessing = 0;
		};
/* End PBXFrameworksBuildPhase section */

/* Begin PBXGroup section */
		270721C1157F4A4F00A05222 /* Other Frameworks */ = {
			isa = PBXGroup;
			children = (
				270721C2157F4A4F00A05222 /* AppKit.framework */,
				270721C3157F4A4F00A05222 /* CoreData.framework */,
				270721C4157F4A4F00A05222 /* Foundation.framework */,
			);
			name = "Other Frameworks";
			sourceTree = "<group>";
		};
		274D7B821563BF2E0007C1C8 = {
			isa = PBXGroup;
			children = (
				271CF69518D860AF002DE484 /* Podfile */,
				271CF69618D860AF002DE484 /* Reliant.podspec */,
				274D7B921563BF2E0007C1C8 /* Reliant */,
				274D7BA61563BF2E0007C1C8 /* ReliantTests */,
				2765CB92157184EC00ABE59C /* Reliant OSX */,
				2765CBA7157184ED00ABE59C /* Reliant OSXTests */,
				274D7B8F1563BF2E0007C1C8 /* Frameworks */,
				274D7B8E1563BF2E0007C1C8 /* Products */,
				8B5FD5ED3A2F490D98EF5A7E /* Pods-Reliant OSX-Reliant OSXTests.xcconfig */,
				67D0EC5A88CD49A8B38A832F /* Pods-Reliant-ReliantTests.xcconfig */,
			);
			sourceTree = "<group>";
		};
		274D7B8E1563BF2E0007C1C8 /* Products */ = {
			isa = PBXGroup;
			children = (
				274D7B8D1563BF2E0007C1C8 /* libReliant.a */,
				274D7B9D1563BF2E0007C1C8 /* ReliantTests.xctest */,
				2765CB8B157184EC00ABE59C /* Reliant.framework */,
				2765CBA1157184ED00ABE59C /* Reliant OSXTests.xctest */,
			);
			name = Products;
			sourceTree = "<group>";
		};
		274D7B8F1563BF2E0007C1C8 /* Frameworks */ = {
			isa = PBXGroup;
			children = (
				27861587181F11E000B7A755 /* XCTest.framework */,
				2780EDDB1571052200CFD38C /* UIKit.framework */,
				274D7B901563BF2E0007C1C8 /* Foundation.framework */,
				270721C1157F4A4F00A05222 /* Other Frameworks */,
				9CE8CD4CA62A46E2B2A3CCF1 /* libPods-Reliant OSX-Reliant OSXTests.a */,
				3CD8CF8127A34E77BDA29E2A /* libPods-Reliant-ReliantTests.a */,
			);
			name = Frameworks;
			sourceTree = "<group>";
		};
		274D7B921563BF2E0007C1C8 /* Reliant */ = {
			isa = PBXGroup;
			children = (
				27861565181D0B5E00B7A755 /* Categories */,
				2795FD7F156D556A00E7F6FA /* Protocols */,
				27B0A9321823F81C00DFEEB9 /* Runtime */,
				274D7BCB1563BFBA0007C1C8 /* Scopes */,
				2795FD8B156FDD6A00E7F6FA /* OCSConfiguratorBase.h */,
				2795FD8C156FDD6A00E7F6FA /* OCSConfiguratorBase.m */,
				2780EDD7157033EB00CFD38C /* OCSConfiguratorBase+ForSubclassEyesOnly.h */,
				274D7BBF1563BFA10007C1C8 /* OCSConfiguratorFromClass.h */,
				274D7BC01563BFA10007C1C8 /* OCSConfiguratorFromClass.m */,
				274D7BBD1563BFA10007C1C8 /* OCSDefinition.h */,
				3323F867D0EF3CBD4D0FD846 /* OCSDefinition.m */,
				274D7BBB1563BFA10007C1C8 /* OCSApplicationContext.h */,
				274D7BBC1563BFA10007C1C8 /* OCSApplicationContext.m */,
				274D7B931563BF2E0007C1C8 /* Supporting Files */,
			);
			path = Reliant;
			sourceTree = "<group>";
		};
		274D7B931563BF2E0007C1C8 /* Supporting Files */ = {
			isa = PBXGroup;
			children = (
				27AB43C01823C1AA0088A187 /* OCSDLogger.h */,
				2759BA7B1569AB8000349871 /* OCSConfiguratorConstants.h */,
				274D7B941563BF2E0007C1C8 /* Reliant-Prefix.pch */,
			);
			name = "Supporting Files";
			sourceTree = "<group>";
		};
		274D7BA61563BF2E0007C1C8 /* ReliantTests */ = {
			isa = PBXGroup;
			children = (
				27AB43B318207A360088A187 /* TestObject.h */,
				27AB43B418207A360088A187 /* TestObject.m */,
				27B2C85215F402C1001954BD /* Setup.h */,
				27B2C85315F402C1001954BD /* Setup.m */,
				274D7BCC1563C2D10007C1C8 /* OCSApplicationContextTests.h */,
				274D7BCD1563C2D10007C1C8 /* OCSApplicationContextTests.m */,
				2780EDD0156FE48A00CFD38C /* OCSConfiguratorBaseTests.m */,
				27F8320F1564C26300ADCB76 /* OCSConfiguratorFromClassTests.h */,
				27F832101564C26300ADCB76 /* OCSConfiguratorFromClassTests.m */,
				274D7BA71563BF2E0007C1C8 /* Supporting Files */,
				2795FD83156EE3DC00E7F6FA /* DummyConfigurator+External.h */,
				2795FD84156EE3DC00E7F6FA /* DummyConfigurator+External.m */,
				2765CB7F1571717200ABE59C /* OCSSingletonScopeTests.h */,
				2765CB801571717200ABE59C /* OCSSingletonScopeTests.m */,
				27861575181DBAE700B7A755 /* OCSViewControllerInjectionTest.m */,
				2786158D181F954A00B7A755 /* DummyConfigurator.h */,
				2786158E181F954A00B7A755 /* DummyConfigurator.m */,
				C1A56BD935DE6F29CAE0CC99 /* OCSDefinitionTest.m */,
				C1A56561066DE02A82BB243F /* OCSPrototypeScopeTests.m */,
				3323FDE6C29E916105B4925B /* OCSDefaultScopeFactoryTest.m */,
				3323F59F1F47D5E4E28E32DE /* SimpleConfigurationIntegrationTest.m */,
				3323F537ACD042617135F470 /* DependencyTreeConfigurationIntegrationTest.m */,
				3323F19EC82B5994772324C7 /* RecursiveConfigurationTest.m */,
			);
			path = ReliantTests;
			sourceTree = "<group>";
		};
		274D7BA71563BF2E0007C1C8 /* Supporting Files */ = {
			isa = PBXGroup;
			children = (
				274D7BA81563BF2E0007C1C8 /* ReliantTests-Info.plist */,
				274D7BA91563BF2E0007C1C8 /* InfoPlist.strings */,
			);
			name = "Supporting Files";
			sourceTree = "<group>";
		};
		274D7BCB1563BFBA0007C1C8 /* Scopes */ = {
			isa = PBXGroup;
			children = (
				274D7BB71563BFA10007C1C8 /* OCSSingletonScope.h */,
				274D7BB81563BFA10007C1C8 /* OCSSingletonScope.m */,
				C1A563376AD9B2F19F4204DF /* OCSPrototypeScope.m */,
				C1A5698CC773F01C35508A5A /* OCSPrototypeScope.h */,
				3323FC30FA16200019DF7D1B /* OCSDefaultScopeFactory.m */,
				3323FBB98DDEC3DFE56FDF97 /* OCSDefaultScopeFactory.h */,
			);
			name = Scopes;
			sourceTree = "<group>";
		};
		2765CB92157184EC00ABE59C /* Reliant OSX */ = {
			isa = PBXGroup;
			children = (
				2765CB93157184EC00ABE59C /* Supporting Files */,
			);
			path = "Reliant OSX";
			sourceTree = "<group>";
		};
		2765CB93157184EC00ABE59C /* Supporting Files */ = {
			isa = PBXGroup;
			children = (
				2765CB94157184EC00ABE59C /* Reliant OSX-Info.plist */,
				2765CB95157184EC00ABE59C /* InfoPlist.strings */,
				2765CB98157184EC00ABE59C /* Reliant OSX-Prefix.pch */,
			);
			name = "Supporting Files";
			sourceTree = "<group>";
		};
		2765CBA7157184ED00ABE59C /* Reliant OSXTests */ = {
			isa = PBXGroup;
			children = (
				2765CBA8157184ED00ABE59C /* Supporting Files */,
			);
			path = "Reliant OSXTests";
			sourceTree = "<group>";
		};
		2765CBA8157184ED00ABE59C /* Supporting Files */ = {
			isa = PBXGroup;
			children = (
				2765CBA9157184ED00ABE59C /* Reliant OSXTests-Info.plist */,
				2765CBAA157184ED00ABE59C /* InfoPlist.strings */,
			);
			name = "Supporting Files";
			sourceTree = "<group>";
		};
		27861565181D0B5E00B7A755 /* Categories */ = {
			isa = PBXGroup;
			children = (
				27861566181D0BC400B7A755 /* NSObject+OCSReliantExcludingPropertyProvider.h */,
				27861567181D0BC400B7A755 /* NSObject+OCSReliantExcludingPropertyProvider.m */,
				2786156E181D0D4400B7A755 /* UIResponder+OCSReliantExcludingPropertyProvider.h */,
				2786156F181D0D4400B7A755 /* UIResponder+OCSReliantExcludingPropertyProvider.m */,
				27861577181DC6E000B7A755 /* UIViewController+OCSReliantExcludingPropertyProvider.h */,
				27861578181DC6E000B7A755 /* UIViewController+OCSReliantExcludingPropertyProvider.m */,
			);
			name = Categories;
			sourceTree = "<group>";
		};
		2795FD7F156D556A00E7F6FA /* Protocols */ = {
			isa = PBXGroup;
			children = (
				274D7BBA1563BFA10007C1C8 /* OCSConfigurator.h */,
				274D7BB91563BFA10007C1C8 /* OCSScope.h */,
				2786156D181D0C4300B7A755 /* OCSReliantExcludingPropertyProvider.h */,
				3323FC852B0C8D06A7E50E37 /* OCSObjectFactory.h */,
				27A39C6919A7C2890017E60C /* OCSScopeFactory.h */,
			);
			name = Protocols;
			sourceTree = "<group>";
		};
		27B0A9321823F81C00DFEEB9 /* Runtime */ = {
			isa = PBXGroup;
			children = (
				3323F0CC592C23E37B566349 /* OCSClassRuntimeInfo.h */,
				3323F7B8686BAAEAD7C909B6 /* OCSClassRuntimeInfo.m */,
				3323F43EFC2DFF1202010408 /* OCSPropertyRuntimeInfo.h */,
				3323FD13BE5276D72EC46149 /* OCSPropertyRuntimeInfo.m */,
				3323F6C9E61AC13DC893F259 /* DRYRuntimeMagic.m */,
				3323FE89CADEB37E6A1421F2 /* DRYRuntimeMagic.h */,
			);
			name = Runtime;
			sourceTree = "<group>";
		};
/* End PBXGroup section */

/* Begin PBXHeadersBuildPhase section */
		274D7B8B1563BF2E0007C1C8 /* Headers */ = {
			isa = PBXHeadersBuildPhase;
			buildActionMask = 2147483647;
			files = (
				274D7BC31563BFA10007C1C8 /* OCSScope.h in Headers */,
				27861579181DC6E000B7A755 /* UIViewController+OCSReliantExcludingPropertyProvider.h in Headers */,
				27861568181D0BC400B7A755 /* NSObject+OCSReliantExcludingPropertyProvider.h in Headers */,
				274D7BC41563BFA10007C1C8 /* OCSConfigurator.h in Headers */,
				2795FD8D156FDD6B00E7F6FA /* OCSConfiguratorBase.h in Headers */,
				2780EDD9157033EB00CFD38C /* OCSConfiguratorBase+ForSubclassEyesOnly.h in Headers */,
				27A39C6619A7B38F0017E60C /* OCSReliantExcludingPropertyProvider.h in Headers */,
				274D7BC91563BFA10007C1C8 /* OCSConfiguratorFromClass.h in Headers */,
				3323F0E323FA02CD0D6B6A24 /* OCSObjectFactory.h in Headers */,
				274D7BC51563BFA10007C1C8 /* OCSApplicationContext.h in Headers */,
				274D7BC71563BFA10007C1C8 /* OCSDefinition.h in Headers */,
				2795FD81156D560E00E7F6FA /* OCSConfiguratorConstants.h in Headers */,
				274D7BC11563BFA10007C1C8 /* OCSSingletonScope.h in Headers */,
				27861570181D0D4400B7A755 /* UIResponder+OCSReliantExcludingPropertyProvider.h in Headers */,
				3323F6BAAA4D97457C22B743 /* OCSClassRuntimeInfo.h in Headers */,
				3323F291A4293968F8D91028 /* OCSPropertyRuntimeInfo.h in Headers */,
				3323F9ED338B4D5CEDA8D244 /* OCSDefaultScopeFactory.h in Headers */,
				3323FD372825398AD9D2AEC8 /* DRYRuntimeMagic.h in Headers */,
			);
			runOnlyForDeploymentPostprocessing = 0;
		};
		2765CB88157184EC00ABE59C /* Headers */ = {
			isa = PBXHeadersBuildPhase;
			buildActionMask = 2147483647;
			files = (
				2765CBD71572A7C100ABE59C /* OCSApplicationContext.h in Headers */,
				27861569181D0BC400B7A755 /* NSObject+OCSReliantExcludingPropertyProvider.h in Headers */,
				27A39C6719A7B3900017E60C /* OCSReliantExcludingPropertyProvider.h in Headers */,
				2765CBD01572A7C100ABE59C /* OCSConfigurator.h in Headers */,
				2765CBD11572A7C100ABE59C /* OCSScope.h in Headers */,
				2765CBD31572A7C100ABE59C /* OCSConfiguratorBase.h in Headers */,
				2765CBD41572A7C100ABE59C /* OCSConfiguratorBase+ForSubclassEyesOnly.h in Headers */,
				2765CBD51572A7C100ABE59C /* OCSConfiguratorFromClass.h in Headers */,
				2765CBD61572A7C100ABE59C /* OCSDefinition.h in Headers */,
				2765CBD21572A7C100ABE59C /* OCSSingletonScope.h in Headers */,
				2765CBD91572A7C100ABE59C /* OCSConfiguratorConstants.h in Headers */,
				3323FF1AF8B2BBCC1C065CEB /* OCSObjectFactory.h in Headers */,
				3323F2532D5EB4F985C730A9 /* OCSDefaultScopeFactory.h in Headers */,
				3323F76A03B1F196D5D7483E /* DRYRuntimeMagic.h in Headers */,
			);
			runOnlyForDeploymentPostprocessing = 0;
		};
/* End PBXHeadersBuildPhase section */

/* Begin PBXNativeTarget section */
		274D7B8C1563BF2E0007C1C8 /* Reliant */ = {
			isa = PBXNativeTarget;
			buildConfigurationList = 274D7BB11563BF2E0007C1C8 /* Build configuration list for PBXNativeTarget "Reliant" */;
			buildPhases = (
				274D7B891563BF2E0007C1C8 /* Sources */,
				274D7B8A1563BF2E0007C1C8 /* Frameworks */,
				274D7B8B1563BF2E0007C1C8 /* Headers */,
			);
			buildRules = (
			);
			dependencies = (
			);
			name = Reliant;
			productName = Reliant;
			productReference = 274D7B8D1563BF2E0007C1C8 /* libReliant.a */;
			productType = "com.apple.product-type.library.static";
		};
		274D7B9C1563BF2E0007C1C8 /* ReliantTests */ = {
			isa = PBXNativeTarget;
			buildConfigurationList = 274D7BB41563BF2E0007C1C8 /* Build configuration list for PBXNativeTarget "ReliantTests" */;
			buildPhases = (
				BD3B8C5A86D941B7B2345999 /* Check Pods Manifest.lock */,
				274D7B981563BF2E0007C1C8 /* Sources */,
				274D7B991563BF2E0007C1C8 /* Frameworks */,
				274D7B9A1563BF2E0007C1C8 /* Resources */,
				98AAAC25CDA248F4A5686C0D /* Copy Pods Resources */,
			);
			buildRules = (
			);
			dependencies = (
				274D7BA41563BF2E0007C1C8 /* PBXTargetDependency */,
			);
			name = ReliantTests;
			productName = ReliantTests;
			productReference = 274D7B9D1563BF2E0007C1C8 /* ReliantTests.xctest */;
			productType = "com.apple.product-type.bundle.unit-test";
		};
		2765CB8A157184EC00ABE59C /* Reliant OSX */ = {
			isa = PBXNativeTarget;
			buildConfigurationList = 2765CBB0157184ED00ABE59C /* Build configuration list for PBXNativeTarget "Reliant OSX" */;
			buildPhases = (
				2765CB86157184EC00ABE59C /* Sources */,
				2765CB87157184EC00ABE59C /* Frameworks */,
				2765CB88157184EC00ABE59C /* Headers */,
				2765CB89157184EC00ABE59C /* Resources */,
				27877B5E1574070200C7D871 /* ShellScript */,
			);
			buildRules = (
			);
			dependencies = (
			);
			name = "Reliant OSX";
			productName = "Reliant OSX";
			productReference = 2765CB8B157184EC00ABE59C /* Reliant.framework */;
			productType = "com.apple.product-type.framework";
		};
		2765CBA0157184ED00ABE59C /* Reliant OSXTests */ = {
			isa = PBXNativeTarget;
			buildConfigurationList = 2765CBB3157184ED00ABE59C /* Build configuration list for PBXNativeTarget "Reliant OSXTests" */;
			buildPhases = (
				3C315EBA61354FA2A5470F03 /* Check Pods Manifest.lock */,
				2765CB9C157184ED00ABE59C /* Sources */,
				2765CB9D157184ED00ABE59C /* Frameworks */,
				2765CB9E157184ED00ABE59C /* Resources */,
				2765CB9F157184ED00ABE59C /* ShellScript */,
				337CFC3C185E48D096542F69 /* Copy Pods Resources */,
			);
			buildRules = (
			);
			dependencies = (
				2765CBA5157184ED00ABE59C /* PBXTargetDependency */,
			);
			name = "Reliant OSXTests";
			productName = "Reliant OSXTests";
			productReference = 2765CBA1157184ED00ABE59C /* Reliant OSXTests.xctest */;
			productType = "com.apple.product-type.bundle.unit-test";
		};
/* End PBXNativeTarget section */

/* Begin PBXProject section */
		274D7B841563BF2E0007C1C8 /* Project object */ = {
			isa = PBXProject;
			attributes = {
				LastUpgradeCheck = 0510;
			};
			buildConfigurationList = 274D7B871563BF2E0007C1C8 /* Build configuration list for PBXProject "Reliant" */;
			compatibilityVersion = "Xcode 3.2";
			developmentRegion = English;
			hasScannedForEncodings = 0;
			knownRegions = (
				en,
			);
			mainGroup = 274D7B821563BF2E0007C1C8;
			productRefGroup = 274D7B8E1563BF2E0007C1C8 /* Products */;
			projectDirPath = "";
			projectRoot = "";
			targets = (
				274D7B8C1563BF2E0007C1C8 /* Reliant */,
				274D7B9C1563BF2E0007C1C8 /* ReliantTests */,
				2765CB6C157169E700ABE59C /* Reliant iOS */,
				2765CB8A157184EC00ABE59C /* Reliant OSX */,
				2765CBA0157184ED00ABE59C /* Reliant OSXTests */,
				27877BDA1575E53C00C7D871 /* Reliant docs */,
			);
		};
/* End PBXProject section */

/* Begin PBXResourcesBuildPhase section */
		274D7B9A1563BF2E0007C1C8 /* Resources */ = {
			isa = PBXResourcesBuildPhase;
			buildActionMask = 2147483647;
			files = (
				274D7BAB1563BF2E0007C1C8 /* InfoPlist.strings in Resources */,
			);
			runOnlyForDeploymentPostprocessing = 0;
		};
		2765CB89157184EC00ABE59C /* Resources */ = {
			isa = PBXResourcesBuildPhase;
			buildActionMask = 2147483647;
			files = (
				2765CB97157184EC00ABE59C /* InfoPlist.strings in Resources */,
			);
			runOnlyForDeploymentPostprocessing = 0;
		};
		2765CB9E157184ED00ABE59C /* Resources */ = {
			isa = PBXResourcesBuildPhase;
			buildActionMask = 2147483647;
			files = (
				2765CBAC157184ED00ABE59C /* InfoPlist.strings in Resources */,
			);
			runOnlyForDeploymentPostprocessing = 0;
		};
/* End PBXResourcesBuildPhase section */

/* Begin PBXShellScriptBuildPhase section */
		2765CB7015716A0F00ABE59C /* Build Static Libs */ = {
			isa = PBXShellScriptBuildPhase;
			buildActionMask = 2147483647;
			files = (
			);
			inputPaths = (
			);
			name = "Build Static Libs";
			outputPaths = (
			);
			runOnlyForDeploymentPostprocessing = 0;
			shellPath = /bin/sh;
			shellScript = "xcodebuild -project ${PROJECT_NAME}.xcodeproj -sdk iphonesimulator -target ${PROJECT_NAME} -configuration ${CONFIGURATION} clean build CONFIGURATION_BUILD_DIR=${BUILD_DIR}/${CONFIGURATION}-iphonesimulator\n\nxcodebuild -project ${PROJECT_NAME}.xcodeproj -sdk iphoneos -target ${PROJECT_NAME} -configuration ${CONFIGURATION} clean build CONFIGURATION_BUILD_DIR=${BUILD_DIR}/${CONFIGURATION}-iphoneos";
			showEnvVarsInLog = 0;
		};
		2765CB7115716A8300ABE59C /* Merge Libs */ = {
			isa = PBXShellScriptBuildPhase;
			buildActionMask = 2147483647;
			files = (
			);
			inputPaths = (
			);
			name = "Merge Libs";
			outputPaths = (
			);
			runOnlyForDeploymentPostprocessing = 0;
			shellPath = /bin/sh;
			shellScript = "SIMULATOR_LIBRARY_PATH=\"${BUILD_DIR}/${CONFIGURATION}-iphonesimulator/lib${PROJECT_NAME}.a\" &&\nDEVICE_LIBRARY=\"${BUILD_DIR}/${CONFIGURATION}-iphoneos\" &&\nDEVICE_LIBRARY_PATH=\"${BUILD_DIR}/${CONFIGURATION}-iphoneos/lib${PROJECT_NAME}.a\" &&\nUNIVERSAL_LIBRARY_DIR=\"${BUILD_DIR}/${CONFIGURATION}-iphoneuniversal\" &&\nUNIVERSAL_LIBRARY_PATH=\"${UNIVERSAL_LIBRARY_DIR}/lib${PRODUCT_NAME}.a\" &&\n\n# Create framework directory structure.\nmkdir -p \"${UNIVERSAL_LIBRARY_DIR}\" &&\n\n# Generate universal binary for the device and simulator.\nlipo \"${SIMULATOR_LIBRARY_PATH}\" \"${DEVICE_LIBRARY_PATH}\" -create -output \"${UNIVERSAL_LIBRARY_PATH}\" &&\n\n# Move files to appropriate locations in framework paths.\ncp -R \"${DEVICE_LIBRARY}\"/usr  \"${UNIVERSAL_LIBRARY_DIR}\"";
			showEnvVarsInLog = 0;
		};
		2765CB9F157184ED00ABE59C /* ShellScript */ = {
			isa = PBXShellScriptBuildPhase;
			buildActionMask = 2147483647;
			files = (
			);
			inputPaths = (
			);
			outputPaths = (
			);
			runOnlyForDeploymentPostprocessing = 0;
			shellPath = /bin/sh;
			shellScript = "# Run the unit tests in this test bundle.\n\"${SYSTEM_DEVELOPER_DIR}/Tools/RunUnitTests\"\n";
		};
		27877B5E1574070200C7D871 /* ShellScript */ = {
			isa = PBXShellScriptBuildPhase;
			buildActionMask = 2147483647;
			files = (
			);
			inputPaths = (
			);
			outputPaths = (
			);
			runOnlyForDeploymentPostprocessing = 0;
			shellPath = /bin/sh;
			shellScript = "echo 'test';";
		};
		27DAE12D15767B910063D620 /* Build AppleDoc DocSet */ = {
			isa = PBXShellScriptBuildPhase;
			buildActionMask = 2147483647;
			files = (
			);
			inputPaths = (
			);
			name = "Build AppleDoc DocSet";
			outputPaths = (
			);
			runOnlyForDeploymentPostprocessing = 0;
			shellPath = /bin/sh;
			shellScript = "/usr/local/bin/appledoc --project-name ${PRODUCT_NAME} --project-company \"Oak Consultancy Services\" --company-id be.oakcs --output ~/help --logformat xcode --exit-threshold 2 --no-merge-categories .";
		};
		337CFC3C185E48D096542F69 /* Copy Pods Resources */ = {
			isa = PBXShellScriptBuildPhase;
			buildActionMask = 2147483647;
			files = (
			);
			inputPaths = (
			);
			name = "Copy Pods Resources";
			outputPaths = (
			);
			runOnlyForDeploymentPostprocessing = 0;
			shellPath = /bin/sh;
			shellScript = "\"${SRCROOT}/Pods/Pods-Reliant OSX-Reliant OSXTests-resources.sh\"\n";
			showEnvVarsInLog = 0;
		};
		3C315EBA61354FA2A5470F03 /* Check Pods Manifest.lock */ = {
			isa = PBXShellScriptBuildPhase;
			buildActionMask = 2147483647;
			files = (
			);
			inputPaths = (
			);
			name = "Check Pods Manifest.lock";
			outputPaths = (
			);
			runOnlyForDeploymentPostprocessing = 0;
			shellPath = /bin/sh;
			shellScript = "diff \"${PODS_ROOT}/../Podfile.lock\" \"${PODS_ROOT}/Manifest.lock\" > /dev/null\nif [[ $? != 0 ]] ; then\n    cat << EOM\nerror: The sandbox is not in sync with the Podfile.lock. Run 'pod install' or update your CocoaPods installation.\nEOM\n    exit 1\nfi\n";
			showEnvVarsInLog = 0;
		};
		98AAAC25CDA248F4A5686C0D /* Copy Pods Resources */ = {
			isa = PBXShellScriptBuildPhase;
			buildActionMask = 2147483647;
			files = (
			);
			inputPaths = (
			);
			name = "Copy Pods Resources";
			outputPaths = (
			);
			runOnlyForDeploymentPostprocessing = 0;
			shellPath = /bin/sh;
			shellScript = "\"${SRCROOT}/Pods/Pods-Reliant-ReliantTests-resources.sh\"\n";
			showEnvVarsInLog = 0;
		};
		BD3B8C5A86D941B7B2345999 /* Check Pods Manifest.lock */ = {
			isa = PBXShellScriptBuildPhase;
			buildActionMask = 2147483647;
			files = (
			);
			inputPaths = (
			);
			name = "Check Pods Manifest.lock";
			outputPaths = (
			);
			runOnlyForDeploymentPostprocessing = 0;
			shellPath = /bin/sh;
			shellScript = "diff \"${PODS_ROOT}/../Podfile.lock\" \"${PODS_ROOT}/Manifest.lock\" > /dev/null\nif [[ $? != 0 ]] ; then\n    cat << EOM\nerror: The sandbox is not in sync with the Podfile.lock. Run 'pod install' or update your CocoaPods installation.\nEOM\n    exit 1\nfi\n";
			showEnvVarsInLog = 0;
		};
/* End PBXShellScriptBuildPhase section */

/* Begin PBXSourcesBuildPhase section */
		274D7B891563BF2E0007C1C8 /* Sources */ = {
			isa = PBXSourcesBuildPhase;
			buildActionMask = 2147483647;
			files = (
				27861571181D0D4400B7A755 /* UIResponder+OCSReliantExcludingPropertyProvider.m in Sources */,
				274D7BC21563BFA10007C1C8 /* OCSSingletonScope.m in Sources */,
				274D7BC61563BFA10007C1C8 /* OCSApplicationContext.m in Sources */,
				2786157A181DC6E000B7A755 /* UIViewController+OCSReliantExcludingPropertyProvider.m in Sources */,
				2786156A181D0BC400B7A755 /* NSObject+OCSReliantExcludingPropertyProvider.m in Sources */,
				274D7BCA1563BFA10007C1C8 /* OCSConfiguratorFromClass.m in Sources */,
				2795FD8E156FDD6B00E7F6FA /* OCSConfiguratorBase.m in Sources */,
				3323F3E3CA8A6DB8B6577CDB /* OCSClassRuntimeInfo.m in Sources */,
				3323FFF5DD7F89EDF51CA460 /* OCSPropertyRuntimeInfo.m in Sources */,
				C1A567CD866ABF2413562EAE /* OCSPrototypeScope.m in Sources */,
				3323F17BEB7A16B44C310334 /* OCSDefinition.m in Sources */,
				3323F79E1084CF5B8696521E /* OCSDefaultScopeFactory.m in Sources */,
				3323FA7BB1BF46D541111719 /* DRYRuntimeMagic.m in Sources */,
			);
			runOnlyForDeploymentPostprocessing = 0;
		};
		274D7B981563BF2E0007C1C8 /* Sources */ = {
			isa = PBXSourcesBuildPhase;
			buildActionMask = 2147483647;
			files = (
				278155DC181C6D0D00295410 /* OCSApplicationContext.m in Sources */,
				27B0A9361824007100DFEEB9 /* OCSPropertyRuntimeInfo.m in Sources */,
				274D7BCE1563C2D10007C1C8 /* OCSApplicationContextTests.m in Sources */,
				27F832111564C26300ADCB76 /* OCSConfiguratorFromClassTests.m in Sources */,
				27861576181DBAE700B7A755 /* OCSViewControllerInjectionTest.m in Sources */,
				2795FD85156EE3DC00E7F6FA /* DummyConfigurator+External.m in Sources */,
				27861573181D11DA00B7A755 /* UIResponder+OCSReliantExcludingPropertyProvider.m in Sources */,
				27B0A9351824006E00DFEEB9 /* OCSClassRuntimeInfo.m in Sources */,
				2780EDD1156FE48A00CFD38C /* OCSConfiguratorBaseTests.m in Sources */,
				27AB43B518207A360088A187 /* TestObject.m in Sources */,
				2765CB811571717200ABE59C /* OCSSingletonScopeTests.m in Sources */,
				278155E6181C6D3400295410 /* OCSSingletonScope.m in Sources */,
				2786158F181F954A00B7A755 /* DummyConfigurator.m in Sources */,
				2786157B181DC6E000B7A755 /* UIViewController+OCSReliantExcludingPropertyProvider.m in Sources */,
				27B2C85415F402C1001954BD /* Setup.m in Sources */,
				278155E0181C6D1900295410 /* OCSConfiguratorFromClass.m in Sources */,
				278155E4181C6D2300295410 /* OCSConfiguratorBase.m in Sources */,
				27861572181D11D700B7A755 /* NSObject+OCSReliantExcludingPropertyProvider.m in Sources */,
				C1A564FE428FFBCEF6DAC579 /* OCSDefinitionTest.m in Sources */,
				C1A563EA8B029ED28AFA72FD /* OCSPrototypeScope.m in Sources */,
				C1A5678F5E7AAD7226E4B73F /* OCSPrototypeScopeTests.m in Sources */,
				3323FA0C8C41685456C4C08A /* OCSDefinition.m in Sources */,
				3323F27EC42D0D6D46C19D72 /* OCSDefaultScopeFactory.m in Sources */,
				3323FC79F3EB769209572467 /* OCSDefaultScopeFactoryTest.m in Sources */,
				3323F9F72699857C1DB97E9E /* DRYRuntimeMagic.m in Sources */,
				3323F9CF147C791A94B54435 /* SimpleConfigurationIntegrationTest.m in Sources */,
				3323FE5F4CA5AFD3AC32CDA6 /* DependencyTreeConfigurationIntegrationTest.m in Sources */,
				3323FA54840E6D74EBE0C870 /* RecursiveConfigurationTest.m in Sources */,
			);
			runOnlyForDeploymentPostprocessing = 0;
		};
		2765CB86157184EC00ABE59C /* Sources */ = {
			isa = PBXSourcesBuildPhase;
			buildActionMask = 2147483647;
			files = (
				2765CBB61571854100ABE59C /* OCSSingletonScope.m in Sources */,
				2765CBB71571854100ABE59C /* OCSConfiguratorBase.m in Sources */,
				27B0A9331824006C00DFEEB9 /* OCSClassRuntimeInfo.m in Sources */,
				27B0A9371824007200DFEEB9 /* OCSPropertyRuntimeInfo.m in Sources */,
				2786156B181D0BC400B7A755 /* NSObject+OCSReliantExcludingPropertyProvider.m in Sources */,
				2765CBB91571854100ABE59C /* OCSConfiguratorFromClass.m in Sources */,
				2765CBBB1571854100ABE59C /* OCSApplicationContext.m in Sources */,
				C1A5690710C534862D0A660F /* OCSPrototypeScope.m in Sources */,
				3323F329CDC245C7313C35BF /* OCSDefinition.m in Sources */,
				3323FCBB234922E211AAF8D3 /* OCSDefaultScopeFactory.m in Sources */,
				3323F3795AEF595FC6204CB6 /* DRYRuntimeMagic.m in Sources */,
			);
			runOnlyForDeploymentPostprocessing = 0;
		};
		2765CB9C157184ED00ABE59C /* Sources */ = {
			isa = PBXSourcesBuildPhase;
			buildActionMask = 2147483647;
			files = (
				278155DD181C6D0F00295410 /* OCSApplicationContext.m in Sources */,
				2765CBBD157186E400ABE59C /* OCSApplicationContextTests.m in Sources */,
				2765CBBE157186E400ABE59C /* OCSConfiguratorBaseTests.m in Sources */,
				2765CBBF157186E400ABE59C /* OCSConfiguratorFromClassTests.m in Sources */,
				2765CBC2157186E400ABE59C /* DummyConfigurator+External.m in Sources */,
				2765CBC3157186E400ABE59C /* OCSSingletonScopeTests.m in Sources */,
				278155E7181C6D3500295410 /* OCSSingletonScope.m in Sources */,
				27B2C85515F402C1001954BD /* Setup.m in Sources */,
				278155E1181C6D1A00295410 /* OCSConfiguratorFromClass.m in Sources */,
				27B0A9341824006D00DFEEB9 /* OCSClassRuntimeInfo.m in Sources */,
				27861590181F954A00B7A755 /* DummyConfigurator.m in Sources */,
				278155E5181C6D2400295410 /* OCSConfiguratorBase.m in Sources */,
				27B0A9381824007300DFEEB9 /* OCSPropertyRuntimeInfo.m in Sources */,
				277001CA1823C36B00FC366A /* TestObject.m in Sources */,
				27861574181D11DE00B7A755 /* NSObject+OCSReliantExcludingPropertyProvider.m in Sources */,
				C1A5618E21999FD8B10D5F61 /* OCSDefinitionTest.m in Sources */,
				C1A56D451A511B840CAF58CF /* OCSPrototypeScope.m in Sources */,
				C1A56618B95A5E6372ED8985 /* OCSPrototypeScopeTests.m in Sources */,
				3323FCCEA4CE43C732E0E79A /* OCSDefinition.m in Sources */,
				3323F311CDF8BF129535AD4A /* OCSDefaultScopeFactory.m in Sources */,
				3323FAC1795934E23B3C0CF0 /* OCSDefaultScopeFactoryTest.m in Sources */,
				3323FE89A0052BCC664931C2 /* DRYRuntimeMagic.m in Sources */,
				3323FA842AC8404BF9E08E0B /* SimpleConfigurationIntegrationTest.m in Sources */,
				3323F9E5388F46156E0F51C6 /* DependencyTreeConfigurationIntegrationTest.m in Sources */,
				3323F8FC8D2366FA7FF07F04 /* RecursiveConfigurationTest.m in Sources */,
			);
			runOnlyForDeploymentPostprocessing = 0;
		};
/* End PBXSourcesBuildPhase section */

/* Begin PBXTargetDependency section */
		274D7BA41563BF2E0007C1C8 /* PBXTargetDependency */ = {
			isa = PBXTargetDependency;
			target = 274D7B8C1563BF2E0007C1C8 /* Reliant */;
			targetProxy = 274D7BA31563BF2E0007C1C8 /* PBXContainerItemProxy */;
		};
		2765CBA5157184ED00ABE59C /* PBXTargetDependency */ = {
			isa = PBXTargetDependency;
			target = 2765CB8A157184EC00ABE59C /* Reliant OSX */;
			targetProxy = 2765CBA4157184ED00ABE59C /* PBXContainerItemProxy */;
		};
/* End PBXTargetDependency section */

/* Begin PBXVariantGroup section */
		274D7BA91563BF2E0007C1C8 /* InfoPlist.strings */ = {
			isa = PBXVariantGroup;
			children = (
				274D7BAA1563BF2E0007C1C8 /* en */,
			);
			name = InfoPlist.strings;
			sourceTree = "<group>";
		};
		2765CB95157184EC00ABE59C /* InfoPlist.strings */ = {
			isa = PBXVariantGroup;
			children = (
				2765CB96157184EC00ABE59C /* en */,
			);
			name = InfoPlist.strings;
			sourceTree = "<group>";
		};
		2765CBAA157184ED00ABE59C /* InfoPlist.strings */ = {
			isa = PBXVariantGroup;
			children = (
				2765CBAB157184ED00ABE59C /* en */,
			);
			name = InfoPlist.strings;
			sourceTree = "<group>";
		};
/* End PBXVariantGroup section */

/* Begin XCBuildConfiguration section */
		274D7BAF1563BF2E0007C1C8 /* Debug */ = {
			isa = XCBuildConfiguration;
			buildSettings = {
				ALWAYS_SEARCH_USER_PATHS = NO;
				CLANG_ENABLE_OBJC_ARC = YES;
				CLANG_WARN_BOOL_CONVERSION = YES;
				CLANG_WARN_CONSTANT_CONVERSION = YES;
				CLANG_WARN_EMPTY_BODY = YES;
				CLANG_WARN_ENUM_CONVERSION = YES;
				CLANG_WARN_INT_CONVERSION = YES;
				CLANG_WARN__DUPLICATE_METHOD_MATCH = YES;
				COPY_PHASE_STRIP = NO;
				GCC_C_LANGUAGE_STANDARD = gnu99;
				GCC_DYNAMIC_NO_PIC = NO;
				GCC_OPTIMIZATION_LEVEL = 0;
				GCC_PREPROCESSOR_DEFINITIONS = (
					"DEBUG=1",
					"$(inherited)",
					LOG_RELIANT,
				);
				GCC_SYMBOLS_PRIVATE_EXTERN = NO;
				GCC_VERSION = com.apple.compilers.llvm.clang.1_0;
				GCC_WARN_64_TO_32_BIT_CONVERSION = YES;
				GCC_WARN_ABOUT_RETURN_TYPE = YES;
				GCC_WARN_UNDECLARED_SELECTOR = YES;
				GCC_WARN_UNINITIALIZED_AUTOS = YES;
				GCC_WARN_UNUSED_FUNCTION = YES;
				GCC_WARN_UNUSED_VARIABLE = YES;
				IPHONEOS_DEPLOYMENT_TARGET = 6.0;
				ONLY_ACTIVE_ARCH = YES;
				SDKROOT = iphoneos;
			};
			name = Debug;
		};
		274D7BB01563BF2E0007C1C8 /* Release */ = {
			isa = XCBuildConfiguration;
			buildSettings = {
				ALWAYS_SEARCH_USER_PATHS = NO;
				CLANG_ENABLE_OBJC_ARC = YES;
				CLANG_WARN_BOOL_CONVERSION = YES;
				CLANG_WARN_CONSTANT_CONVERSION = YES;
				CLANG_WARN_EMPTY_BODY = YES;
				CLANG_WARN_ENUM_CONVERSION = YES;
				CLANG_WARN_INT_CONVERSION = YES;
				CLANG_WARN__DUPLICATE_METHOD_MATCH = YES;
				COPY_PHASE_STRIP = YES;
				GCC_C_LANGUAGE_STANDARD = gnu99;
				GCC_VERSION = com.apple.compilers.llvm.clang.1_0;
				GCC_WARN_64_TO_32_BIT_CONVERSION = YES;
				GCC_WARN_ABOUT_RETURN_TYPE = YES;
				GCC_WARN_UNDECLARED_SELECTOR = YES;
				GCC_WARN_UNINITIALIZED_AUTOS = YES;
				GCC_WARN_UNUSED_FUNCTION = YES;
				GCC_WARN_UNUSED_VARIABLE = YES;
				IPHONEOS_DEPLOYMENT_TARGET = 6.0;
				SDKROOT = iphoneos;
				VALIDATE_PRODUCT = YES;
			};
			name = Release;
		};
		274D7BB21563BF2E0007C1C8 /* Debug */ = {
			isa = XCBuildConfiguration;
			buildSettings = {
				BUNDLE_LOADER = "";
				CLANG_ENABLE_OBJC_ARC = YES;
				DSTROOT = /tmp/Reliant.dst;
				GCC_GENERATE_TEST_COVERAGE_FILES = YES;
				GCC_INSTRUMENT_PROGRAM_FLOW_ARCS = YES;
				GCC_PRECOMPILE_PREFIX_HEADER = YES;
				GCC_PREFIX_HEADER = "Reliant/Reliant-Prefix.pch";
				GCC_THUMB_SUPPORT = NO;
				IPHONEOS_DEPLOYMENT_TARGET = 6.0;
				OTHER_LDFLAGS = "";
				PRODUCT_NAME = "$(TARGET_NAME)";
				SDKROOT = iphoneos;
				SKIP_INSTALL = YES;
				TARGETED_DEVICE_FAMILY = "1,2";
			};
			name = Debug;
		};
		274D7BB31563BF2E0007C1C8 /* Release */ = {
			isa = XCBuildConfiguration;
			buildSettings = {
				BUNDLE_LOADER = "";
				CLANG_ENABLE_OBJC_ARC = YES;
				DSTROOT = /tmp/Reliant.dst;
				GCC_GENERATE_TEST_COVERAGE_FILES = NO;
				GCC_INSTRUMENT_PROGRAM_FLOW_ARCS = NO;
				GCC_PRECOMPILE_PREFIX_HEADER = YES;
				GCC_PREFIX_HEADER = "Reliant/Reliant-Prefix.pch";
				GCC_THUMB_SUPPORT = NO;
				IPHONEOS_DEPLOYMENT_TARGET = 6.0;
				OTHER_LDFLAGS = "";
				PRODUCT_NAME = "$(TARGET_NAME)";
				SDKROOT = iphoneos;
				SKIP_INSTALL = YES;
				TARGETED_DEVICE_FAMILY = "1,2";
			};
			name = Release;
		};
		274D7BB51563BF2E0007C1C8 /* Debug */ = {
			isa = XCBuildConfiguration;
			baseConfigurationReference = 67D0EC5A88CD49A8B38A832F /* Pods-Reliant-ReliantTests.xcconfig */;
			buildSettings = {
				CLANG_ENABLE_OBJC_ARC = YES;
				FRAMEWORK_SEARCH_PATHS = (
					"$(SDKROOT)/Developer/Library/Frameworks",
					"$(DEVELOPER_FRAMEWORKS_DIR)",
				);
				GCC_GENERATE_TEST_COVERAGE_FILES = YES;
				GCC_INSTRUMENT_PROGRAM_FLOW_ARCS = YES;
				GCC_PRECOMPILE_PREFIX_HEADER = YES;
				GCC_PREFIX_HEADER = "Reliant/Reliant-Prefix.pch";
				HEADER_SEARCH_PATHS = "$(inherited)";
				INFOPLIST_FILE = "ReliantTests/ReliantTests-Info.plist";
				LIBRARY_SEARCH_PATHS = "";
				OTHER_LDFLAGS = "-all_load";
				PRODUCT_NAME = "$(TARGET_NAME)";
				TARGETED_DEVICE_FAMILY = "1,2";
			};
			name = Debug;
		};
		274D7BB61563BF2E0007C1C8 /* Release */ = {
			isa = XCBuildConfiguration;
			baseConfigurationReference = 67D0EC5A88CD49A8B38A832F /* Pods-Reliant-ReliantTests.xcconfig */;
			buildSettings = {
				CLANG_ENABLE_OBJC_ARC = YES;
				FRAMEWORK_SEARCH_PATHS = (
					"$(SDKROOT)/Developer/Library/Frameworks",
					"$(DEVELOPER_FRAMEWORKS_DIR)",
				);
				GCC_GENERATE_TEST_COVERAGE_FILES = YES;
				GCC_INSTRUMENT_PROGRAM_FLOW_ARCS = YES;
				GCC_PRECOMPILE_PREFIX_HEADER = YES;
				GCC_PREFIX_HEADER = "Reliant/Reliant-Prefix.pch";
				HEADER_SEARCH_PATHS = "$(inherited)";
				INFOPLIST_FILE = "ReliantTests/ReliantTests-Info.plist";
				LIBRARY_SEARCH_PATHS = "";
				OTHER_LDFLAGS = "-all_load";
				PRODUCT_NAME = "$(TARGET_NAME)";
				TARGETED_DEVICE_FAMILY = "1,2";
			};
			name = Release;
		};
		2765CB6E157169E700ABE59C /* Debug */ = {
			isa = XCBuildConfiguration;
			buildSettings = {
				PRODUCT_NAME = "$(TARGET_NAME)";
			};
			name = Debug;
		};
		2765CB6F157169E700ABE59C /* Release */ = {
			isa = XCBuildConfiguration;
			buildSettings = {
				PRODUCT_NAME = "$(TARGET_NAME)";
			};
			name = Release;
		};
		2765CBB1157184ED00ABE59C /* Debug */ = {
			isa = XCBuildConfiguration;
			buildSettings = {
				CLANG_ENABLE_OBJC_ARC = YES;
				COMBINE_HIDPI_IMAGES = YES;
				DYLIB_COMPATIBILITY_VERSION = 1;
				DYLIB_CURRENT_VERSION = 1;
				FRAMEWORK_SEARCH_PATHS = (
					"$(inherited)",
					"\"$(SYSTEM_APPS_DIR)/Xcode.app/Contents/Developer/Library/Frameworks\"",
				);
				FRAMEWORK_VERSION = A;
				GCC_ENABLE_OBJC_EXCEPTIONS = YES;
				GCC_GENERATE_TEST_COVERAGE_FILES = YES;
				GCC_INSTRUMENT_PROGRAM_FLOW_ARCS = YES;
				GCC_PRECOMPILE_PREFIX_HEADER = YES;
				GCC_PREFIX_HEADER = "Reliant OSX/Reliant OSX-Prefix.pch";
				GCC_WARN_64_TO_32_BIT_CONVERSION = YES;
				INFOPLIST_FILE = "Reliant OSX/Reliant OSX-Info.plist";
				MACOSX_DEPLOYMENT_TARGET = 10.8;
				ONLY_ACTIVE_ARCH = YES;
				PRODUCT_NAME = Reliant;
				SDKROOT = macosx;
				WRAPPER_EXTENSION = framework;
			};
			name = Debug;
		};
		2765CBB2157184ED00ABE59C /* Release */ = {
			isa = XCBuildConfiguration;
			buildSettings = {
				CLANG_ENABLE_OBJC_ARC = YES;
				COMBINE_HIDPI_IMAGES = YES;
				DEBUG_INFORMATION_FORMAT = "dwarf-with-dsym";
				DYLIB_COMPATIBILITY_VERSION = 1;
				DYLIB_CURRENT_VERSION = 1;
				FRAMEWORK_SEARCH_PATHS = (
					"$(inherited)",
					"\"$(SYSTEM_APPS_DIR)/Xcode.app/Contents/Developer/Library/Frameworks\"",
				);
				FRAMEWORK_VERSION = A;
				GCC_ENABLE_OBJC_EXCEPTIONS = YES;
				GCC_GENERATE_TEST_COVERAGE_FILES = YES;
				GCC_INSTRUMENT_PROGRAM_FLOW_ARCS = YES;
				GCC_PRECOMPILE_PREFIX_HEADER = YES;
				GCC_PREFIX_HEADER = "Reliant OSX/Reliant OSX-Prefix.pch";
				GCC_WARN_64_TO_32_BIT_CONVERSION = YES;
				INFOPLIST_FILE = "Reliant OSX/Reliant OSX-Info.plist";
				MACOSX_DEPLOYMENT_TARGET = 10.8;
				PRODUCT_NAME = Reliant;
				SDKROOT = macosx;
				WRAPPER_EXTENSION = framework;
			};
			name = Release;
		};
		2765CBB4157184ED00ABE59C /* Debug */ = {
			isa = XCBuildConfiguration;
			baseConfigurationReference = 8B5FD5ED3A2F490D98EF5A7E /* Pods-Reliant OSX-Reliant OSXTests.xcconfig */;
			buildSettings = {
				CLANG_ENABLE_OBJC_ARC = YES;
				COMBINE_HIDPI_IMAGES = YES;
				FRAMEWORK_SEARCH_PATHS = (
					"$(inherited)",
					"$(DEVELOPER_FRAMEWORKS_DIR)",
				);
				GCC_ENABLE_OBJC_EXCEPTIONS = YES;
				GCC_GENERATE_TEST_COVERAGE_FILES = YES;
				GCC_INSTRUMENT_PROGRAM_FLOW_ARCS = YES;
				GCC_PRECOMPILE_PREFIX_HEADER = YES;
				GCC_PREFIX_HEADER = "Reliant OSX/Reliant OSX-Prefix.pch";
				GCC_WARN_64_TO_32_BIT_CONVERSION = YES;
				HEADER_SEARCH_PATHS = "$(inherited)";
				INFOPLIST_FILE = "Reliant OSXTests/Reliant OSXTests-Info.plist";
				LIBRARY_SEARCH_PATHS = "";
				MACOSX_DEPLOYMENT_TARGET = 10.8;
				ONLY_ACTIVE_ARCH = YES;
				PRODUCT_NAME = "$(TARGET_NAME)";
				SDKROOT = macosx;
			};
			name = Debug;
		};
		2765CBB5157184ED00ABE59C /* Release */ = {
			isa = XCBuildConfiguration;
			baseConfigurationReference = 8B5FD5ED3A2F490D98EF5A7E /* Pods-Reliant OSX-Reliant OSXTests.xcconfig */;
			buildSettings = {
				CLANG_ENABLE_OBJC_ARC = YES;
				COMBINE_HIDPI_IMAGES = YES;
				DEBUG_INFORMATION_FORMAT = "dwarf-with-dsym";
				FRAMEWORK_SEARCH_PATHS = (
					"$(inherited)",
					"$(DEVELOPER_FRAMEWORKS_DIR)",
				);
				GCC_ENABLE_OBJC_EXCEPTIONS = YES;
				GCC_GENERATE_TEST_COVERAGE_FILES = YES;
				GCC_INSTRUMENT_PROGRAM_FLOW_ARCS = YES;
				GCC_PRECOMPILE_PREFIX_HEADER = YES;
				GCC_PREFIX_HEADER = "Reliant OSX/Reliant OSX-Prefix.pch";
				GCC_WARN_64_TO_32_BIT_CONVERSION = YES;
				HEADER_SEARCH_PATHS = "$(inherited)";
				INFOPLIST_FILE = "Reliant OSXTests/Reliant OSXTests-Info.plist";
				LIBRARY_SEARCH_PATHS = "";
				MACOSX_DEPLOYMENT_TARGET = 10.8;
				PRODUCT_NAME = "$(TARGET_NAME)";
				SDKROOT = macosx;
			};
			name = Release;
		};
		27877BDC1575E53C00C7D871 /* Debug */ = {
			isa = XCBuildConfiguration;
			buildSettings = {
				PRODUCT_NAME = Reliant;
			};
			name = Debug;
		};
		27877BDD1575E53C00C7D871 /* Release */ = {
			isa = XCBuildConfiguration;
			buildSettings = {
				PRODUCT_NAME = Reliant;
			};
			name = Release;
		};
/* End XCBuildConfiguration section */

/* Begin XCConfigurationList section */
		274D7B871563BF2E0007C1C8 /* Build configuration list for PBXProject "Reliant" */ = {
			isa = XCConfigurationList;
			buildConfigurations = (
				274D7BAF1563BF2E0007C1C8 /* Debug */,
				274D7BB01563BF2E0007C1C8 /* Release */,
			);
			defaultConfigurationIsVisible = 0;
			defaultConfigurationName = Release;
		};
		274D7BB11563BF2E0007C1C8 /* Build configuration list for PBXNativeTarget "Reliant" */ = {
			isa = XCConfigurationList;
			buildConfigurations = (
				274D7BB21563BF2E0007C1C8 /* Debug */,
				274D7BB31563BF2E0007C1C8 /* Release */,
			);
			defaultConfigurationIsVisible = 0;
			defaultConfigurationName = Release;
		};
		274D7BB41563BF2E0007C1C8 /* Build configuration list for PBXNativeTarget "ReliantTests" */ = {
			isa = XCConfigurationList;
			buildConfigurations = (
				274D7BB51563BF2E0007C1C8 /* Debug */,
				274D7BB61563BF2E0007C1C8 /* Release */,
			);
			defaultConfigurationIsVisible = 0;
			defaultConfigurationName = Release;
		};
		2765CB6D157169E700ABE59C /* Build configuration list for PBXAggregateTarget "Reliant iOS" */ = {
			isa = XCConfigurationList;
			buildConfigurations = (
				2765CB6E157169E700ABE59C /* Debug */,
				2765CB6F157169E700ABE59C /* Release */,
			);
			defaultConfigurationIsVisible = 0;
			defaultConfigurationName = Release;
		};
		2765CBB0157184ED00ABE59C /* Build configuration list for PBXNativeTarget "Reliant OSX" */ = {
			isa = XCConfigurationList;
			buildConfigurations = (
				2765CBB1157184ED00ABE59C /* Debug */,
				2765CBB2157184ED00ABE59C /* Release */,
			);
			defaultConfigurationIsVisible = 0;
			defaultConfigurationName = Release;
		};
		2765CBB3157184ED00ABE59C /* Build configuration list for PBXNativeTarget "Reliant OSXTests" */ = {
			isa = XCConfigurationList;
			buildConfigurations = (
				2765CBB4157184ED00ABE59C /* Debug */,
				2765CBB5157184ED00ABE59C /* Release */,
			);
			defaultConfigurationIsVisible = 0;
			defaultConfigurationName = Release;
		};
		27877BDB1575E53C00C7D871 /* Build configuration list for PBXAggregateTarget "Reliant docs" */ = {
			isa = XCConfigurationList;
			buildConfigurations = (
				27877BDC1575E53C00C7D871 /* Debug */,
				27877BDD1575E53C00C7D871 /* Release */,
			);
			defaultConfigurationIsVisible = 0;
			defaultConfigurationName = Release;
		};
/* End XCConfigurationList section */
	};
	rootObject = 274D7B841563BF2E0007C1C8 /* Project object */;
}
